<Project ToolsVersion="4.0" xmlns="http://schemas.microsoft.com/developer/msbuild/2003">
  <ItemGroup>
    <Filter Include="externals">
      <UniqueIdentifier>{c4315323-4491-4ccf-8b6e-98735897767f}</UniqueIdentifier>
    </Filter>
    <Filter Include="externals\assimp">
      <UniqueIdentifier>{d28c7b1a-66c7-466e-88d6-32391930d2e7}</UniqueIdentifier>
    </Filter>
    <Filter Include="externals\assimp\include">
      <UniqueIdentifier>{91e80365-6678-45dd-9522-b8f50d6ac3bf}</UniqueIdentifier>
    </Filter>
    <Filter Include="externals\assimp\include\assimp">
      <UniqueIdentifier>{c8eea711-bd16-452f-b847-c3cb5372398d}</UniqueIdentifier>
    </Filter>
    <Filter Include="externals\assimp\include\assimp\Compiler">
      <UniqueIdentifier>{3cdae6d5-7484-4c2c-b146-f2c9cf785a9d}</UniqueIdentifier>
    </Filter>
    <Filter Include="externals\assimp\include\assimp\port">
      <UniqueIdentifier>{85781380-24fd-44ff-b259-bb4548e4687e}</UniqueIdentifier>
    </Filter>
    <Filter Include="externals\assimp\include\assimp\port\AndroidJNI">
      <UniqueIdentifier>{0018813d-47f6-4ff1-9347-cd5847213473}</UniqueIdentifier>
    </Filter>
    <Filter Include="externals\DirectXTex">
      <UniqueIdentifier>{3c1e7eed-f25a-45d0-9109-e331ee418d08}</UniqueIdentifier>
    </Filter>
    <Filter Include="externals\DirectXTex\Bin">
      <UniqueIdentifier>{2172da9a-07b8-40be-ad71-4aafaefd3e34}</UniqueIdentifier>
    </Filter>
    <Filter Include="externals\DirectXTex\Bin\Desktop_2022_Win10">
      <UniqueIdentifier>{7fa26cb0-8782-4e62-a919-240b28589b23}</UniqueIdentifier>
    </Filter>
    <Filter Include="externals\DirectXTex\Bin\Desktop_2022_Win10\x64">
      <UniqueIdentifier>{c91db423-6c2f-4e12-9ea8-1efdefaa89bd}</UniqueIdentifier>
    </Filter>
    <Filter Include="externals\DirectXTex\Bin\Desktop_2022_Win10\x64\Debug">
      <UniqueIdentifier>{44dbd81c-0066-4e75-8912-f30d61d2eeb1}</UniqueIdentifier>
    </Filter>
    <Filter Include="externals\DirectXTex\Bin\Desktop_2022_Win10\x64\Development">
      <UniqueIdentifier>{5bfe2bd1-4d87-45b6-ba62-50ece02d5483}</UniqueIdentifier>
    </Filter>
    <Filter Include="externals\imgui">
      <UniqueIdentifier>{6426087e-5142-4dd9-8e08-681a9aeee2ac}</UniqueIdentifier>
    </Filter>
    <Filter Include="externals\nlohmann">
      <UniqueIdentifier>{efeb7fa0-64fe-474a-9d2e-1e4f825af3a9}</UniqueIdentifier>
    </Filter>
    <Filter Include="GameEngine">
      <UniqueIdentifier>{08602201-3ef3-44dc-b3ce-ae06bfe6c68d}</UniqueIdentifier>
    </Filter>
    <Filter Include="GameEngine\Collision">
      <UniqueIdentifier>{6e98d812-5c98-4835-907b-737bf62e6c17}</UniqueIdentifier>
    </Filter>
    <Filter Include="GameEngine\Core">
      <UniqueIdentifier>{8212ecc4-0549-42d2-88ae-3c418a9c1562}</UniqueIdentifier>
    </Filter>
    <Filter Include="GameEngine\Core\Asset">
      <UniqueIdentifier>{1af4234a-e27f-4c34-a6ba-1f539c3b06f1}</UniqueIdentifier>
    </Filter>
    <Filter Include="GameEngine\Core\Audio">
      <UniqueIdentifier>{540c48c0-3c24-4fb9-80fd-24fb10a292ca}</UniqueIdentifier>
    </Filter>
    <Filter Include="GameEngine\Core\Graphics">
      <UniqueIdentifier>{d0d43a61-c66d-4786-ac14-2538bfdab160}</UniqueIdentifier>
    </Filter>
    <Filter Include="GameEngine\Core\Input">
      <UniqueIdentifier>{dfa4c8db-eeb3-4047-93be-089cdbbced5e}</UniqueIdentifier>
    </Filter>
    <Filter Include="GameEngine\Core\Renderer">
      <UniqueIdentifier>{463c99de-ef1b-4d11-96f5-7ba147a6f55f}</UniqueIdentifier>
    </Filter>
    <Filter Include="GameEngine\Core\Renderer\PostProcess">
      <UniqueIdentifier>{11e998b9-013d-4499-bc72-2a5ce17fde41}</UniqueIdentifier>
    </Filter>
    <Filter Include="GameEngine\Core\TimeProfiler">
      <UniqueIdentifier>{6cd69614-a0c3-4cad-bdcf-3df34bcc4df9}</UniqueIdentifier>
    </Filter>
    <Filter Include="GameEngine\Core\UI">
      <UniqueIdentifier>{b1b38665-8554-4ee7-b949-d007cbf37341}</UniqueIdentifier>
    </Filter>
    <Filter Include="GameEngine\Core\Window">
      <UniqueIdentifier>{d6e7730f-7081-4f90-9d66-e06a196e1153}</UniqueIdentifier>
    </Filter>
    <Filter Include="GameEngine\Effect">
      <UniqueIdentifier>{5feea740-0c3d-44c9-b9e9-9b67f4cb1cac}</UniqueIdentifier>
    </Filter>
    <Filter Include="GameEngine\Effect\Edit">
      <UniqueIdentifier>{37ae1be9-cb03-4252-b5bc-0ba6a3919cea}</UniqueIdentifier>
    </Filter>
    <Filter Include="GameEngine\Effect\Module">
      <UniqueIdentifier>{7be2a340-5ec0-4ae1-a30d-7e7e3296a414}</UniqueIdentifier>
    </Filter>
    <Filter Include="GameEngine\Framework">
      <UniqueIdentifier>{61979384-da0c-455b-a9c8-511a743168c5}</UniqueIdentifier>
    </Filter>
    <Filter Include="GameEngine\Object">
      <UniqueIdentifier>{8a9192d8-8fbc-4138-9a51-217bbde24e74}</UniqueIdentifier>
    </Filter>
    <Filter Include="GameEngine\Object\Component">
      <UniqueIdentifier>{8a5a534f-f534-4bb1-a0ae-f226ec448b13}</UniqueIdentifier>
    </Filter>
    <Filter Include="GameEngine\Object\Line">
      <UniqueIdentifier>{a0620e9f-194e-4e06-b9ea-5596a5bb6ec0}</UniqueIdentifier>
    </Filter>
    <Filter Include="GameEngine\Object\Model">
      <UniqueIdentifier>{7cc6e621-f57f-4235-982a-185b9d405aa7}</UniqueIdentifier>
    </Filter>
    <Filter Include="GameEngine\Object\Prefab">
      <UniqueIdentifier>{d9b2a319-8cd3-4886-9568-dd4bc7194fc4}</UniqueIdentifier>
    </Filter>
    <Filter Include="GameEngine\Object\Sprite">
      <UniqueIdentifier>{ad86cd22-0ce1-4675-a71d-e40579290963}</UniqueIdentifier>
    </Filter>
    <Filter Include="GameEngine\Scene">
      <UniqueIdentifier>{63f90e24-d47e-4096-961b-1221107f7845}</UniqueIdentifier>
    </Filter>
    <Filter Include="GameEngine\Scene\Camera">
      <UniqueIdentifier>{dc0920a4-9b11-497d-980d-74bebaf8abf2}</UniqueIdentifier>
    </Filter>
    <Filter Include="GameEngine\Utility">
      <UniqueIdentifier>{770c755f-acb0-48a8-aaa2-82d2c49e2044}</UniqueIdentifier>
    </Filter>
    <Filter Include="GameEngine\Utility\Math">
      <UniqueIdentifier>{62665f65-e2e9-4163-bde3-a333cf8f2ea6}</UniqueIdentifier>
    </Filter>
    <Filter Include="GameEngine\Utility\MathUtils">
      <UniqueIdentifier>{018de220-7f00-4e7b-918c-2cdc8ac0db50}</UniqueIdentifier>
    </Filter>
    <Filter Include="GameProject">
      <UniqueIdentifier>{a6d149e5-67bb-4d78-a989-371b7178d4ab}</UniqueIdentifier>
    </Filter>
    <Filter Include="GameProject\App">
      <UniqueIdentifier>{e9a10ffb-c170-4ea3-b6ba-806a2e59e509}</UniqueIdentifier>
    </Filter>
    <Filter Include="GameProject\App\Scene">
      <UniqueIdentifier>{fac46459-0fad-40d0-8a43-457e666e8444}</UniqueIdentifier>
    </Filter>
    <Filter Include="resources">
      <UniqueIdentifier>{539c9e30-6424-4ba9-a589-9bb807400656}</UniqueIdentifier>
    </Filter>
    <Filter Include="resources\particles">
      <UniqueIdentifier>{078bb4f3-8220-42ac-aa8a-10b15d83edbd}</UniqueIdentifier>
    </Filter>
    <Filter Include="resources\pipelines">
      <UniqueIdentifier>{a2987f92-b021-49de-b145-736620fb5933}</UniqueIdentifier>
    </Filter>
    <Filter Include="resources\pipelines\postprocess">
      <UniqueIdentifier>{c0a1d4f8-5310-4c58-9479-a0f69d64f463}</UniqueIdentifier>
    </Filter>
    <Filter Include="resources\pipelines\rootsig">
      <UniqueIdentifier>{0ffc793f-cb34-41b8-9dab-1d40075d2f71}</UniqueIdentifier>
    </Filter>
    <Filter Include="resources\postprocess">
      <UniqueIdentifier>{a5eeffc1-ea53-4e8b-ba26-eb18e5928d2c}</UniqueIdentifier>
    </Filter>
    <Filter Include="resources\prefabs">
      <UniqueIdentifier>{bed809c8-3cf6-4b98-a512-7a8c07e85fad}</UniqueIdentifier>
    </Filter>
    <Filter Include="resources\shaders">
      <UniqueIdentifier>{9741f915-a8ca-473a-8d7c-dbb2d2231988}</UniqueIdentifier>
    </Filter>
  </ItemGroup>
  <ItemGroup>
    <None Include="resources\pipelines\fullscreen_triangle_pipeline.json">
      <Filter>resources\pipelines</Filter>
    </None>
    <None Include="resources\pipelines\line3d_pipeline.json">
      <Filter>resources\pipelines</Filter>
    </None>
    <None Include="resources\pipelines\object3d_pipeline.json">
      <Filter>resources\pipelines</Filter>
    </None>
    <None Include="resources\pipelines\particle_pipeline.json">
      <Filter>resources\pipelines</Filter>
    </None>
    <None Include="resources\pipelines\pipeline_registry.json">
      <Filter>resources\pipelines</Filter>
    </None>
    <None Include="resources\pipelines\skinning_object3d_pipeline.json">
      <Filter>resources\pipelines</Filter>
    </None>
    <None Include="resources\pipelines\skinning_pipeline_registry.json">
      <Filter>resources\pipelines</Filter>
    </None>
    <None Include="resources\pipelines\sprite_pipeline.json">
      <Filter>resources\pipelines</Filter>
    </None>
    <None Include="resources\pipelines\postprocess\bloom_pipeline.json">
      <Filter>resources\pipelines\postprocess</Filter>
    </None>
    <None Include="resources\pipelines\postprocess\chromatic_aberration_pipeline.json">
      <Filter>resources\pipelines\postprocess</Filter>
    </None>
    <None Include="resources\pipelines\postprocess\gaussblur_pipeline.json">
      <Filter>resources\pipelines\postprocess</Filter>
    </None>
    <None Include="resources\pipelines\postprocess\grayscale_pipeline.json">
      <Filter>resources\pipelines\postprocess</Filter>
    </None>
    <None Include="resources\pipelines\postprocess\pixelation_pipeline.json">
      <Filter>resources\pipelines\postprocess</Filter>
    </None>
    <None Include="resources\pipelines\postprocess\radialblur_pipeline.json">
      <Filter>resources\pipelines\postprocess</Filter>
    </None>
    <None Include="resources\pipelines\postprocess\shockwave_pipeline.json">
      <Filter>resources\pipelines\postprocess</Filter>
    </None>
    <None Include="resources\pipelines\postprocess\vignette_pipeline.json">
      <Filter>resources\pipelines\postprocess</Filter>
    </None>
    <None Include="resources\pipelines\rootsig\fullscreen_triangle_rootsig.json">
      <Filter>resources\pipelines\rootsig</Filter>
    </None>
    <None Include="resources\pipelines\rootsig\line3d_rootsig.json">
      <Filter>resources\pipelines\rootsig</Filter>
    </None>
    <None Include="resources\pipelines\rootsig\object3d_rootsig.json">
      <Filter>resources\pipelines\rootsig</Filter>
    </None>
    <None Include="resources\pipelines\rootsig\object3d_skinning_rootsig.json">
      <Filter>resources\pipelines\rootsig</Filter>
    </None>
    <None Include="resources\pipelines\rootsig\particle_rootsig.json">
      <Filter>resources\pipelines\rootsig</Filter>
    </None>
    <None Include="resources\pipelines\rootsig\postprocess_radialblur_rootsig.json">
      <Filter>resources\pipelines\rootsig</Filter>
    </None>
    <None Include="resources\pipelines\rootsig\postprocess_rootsig.json">
      <Filter>resources\pipelines\rootsig</Filter>
    </None>
    <None Include="resources\postprocess\postprocess_registry.json">
      <Filter>resources\postprocess</Filter>
    </None>
    <None Include="resources\prefabs\default_object.prefab.json">
      <Filter>resources\prefabs</Filter>
    </None>
    <None Include="resources\shaders\shader_registry.json">
      <Filter>resources\shaders</Filter>
    </None>
  </ItemGroup>
  <ItemGroup>
    <ClCompile Include="main.cpp" />
    <ClCompile Include="externals\imgui\imgui.cpp">
      <Filter>externals\imgui</Filter>
    </ClCompile>
    <ClCompile Include="externals\imgui\imgui_demo.cpp">
      <Filter>externals\imgui</Filter>
    </ClCompile>
    <ClCompile Include="externals\imgui\imgui_draw.cpp">
      <Filter>externals\imgui</Filter>
    </ClCompile>
    <ClCompile Include="externals\imgui\imgui_impl_dx12.cpp">
      <Filter>externals\imgui</Filter>
    </ClCompile>
    <ClCompile Include="externals\imgui\imgui_impl_win32.cpp">
      <Filter>externals\imgui</Filter>
    </ClCompile>
    <ClCompile Include="externals\imgui\imgui_tables.cpp">
      <Filter>externals\imgui</Filter>
    </ClCompile>
    <ClCompile Include="externals\imgui\imgui_widgets.cpp">
      <Filter>externals\imgui</Filter>
    </ClCompile>
    <ClCompile Include="GameEngine\pch.cpp">
      <Filter>GameEngine</Filter>
    </ClCompile>
    <ClCompile Include="GameEngine\Collision\Collision.cpp">
      <Filter>GameEngine\Collision</Filter>
    </ClCompile>
    <ClCompile Include="GameEngine\Core\Asset\AnimationAssetManager.cpp">
      <Filter>GameEngine\Core\Asset</Filter>
    </ClCompile>
    <ClCompile Include="GameEngine\Core\Asset\AssetManager.cpp">
      <Filter>GameEngine\Core\Asset</Filter>
    </ClCompile>
    <ClCompile Include="GameEngine\Core\Asset\MaterialManager.cpp">
      <Filter>GameEngine\Core\Asset</Filter>
    </ClCompile>
    <ClCompile Include="GameEngine\Core\Asset\ModelAssetManager.cpp">
      <Filter>GameEngine\Core\Asset</Filter>
    </ClCompile>
    <ClCompile Include="GameEngine\Core\Asset\SoundManager.cpp">
      <Filter>GameEngine\Core\Asset</Filter>
    </ClCompile>
    <ClCompile Include="GameEngine\Core\Asset\TextureManager.cpp">
      <Filter>GameEngine\Core\Asset</Filter>
    </ClCompile>
    <ClCompile Include="GameEngine\Core\Audio\Audio.cpp">
      <Filter>GameEngine\Core\Audio</Filter>
    </ClCompile>
    <ClCompile Include="GameEngine\Core\Audio\Sound.cpp">
      <Filter>GameEngine\Core\Audio</Filter>
    </ClCompile>
    <ClCompile Include="GameEngine\Core\Graphics\AreaLight.cpp">
      <Filter>GameEngine\Core\Graphics</Filter>
    </ClCompile>
    <ClCompile Include="GameEngine\Core\Graphics\DirectionalLight.cpp">
      <Filter>GameEngine\Core\Graphics</Filter>
    </ClCompile>
    <ClCompile Include="GameEngine\Core\Graphics\GraphicsDevice.cpp">
      <Filter>GameEngine\Core\Graphics</Filter>
    </ClCompile>
    <ClCompile Include="GameEngine\Core\Graphics\LightDataBuffer.cpp">
      <Filter>GameEngine\Core\Graphics</Filter>
    </ClCompile>
    <ClCompile Include="GameEngine\Core\Graphics\Material.cpp">
      <Filter>GameEngine\Core\Graphics</Filter>
    </ClCompile>
    <ClCompile Include="GameEngine\Core\Graphics\Mesh.cpp">
      <Filter>GameEngine\Core\Graphics</Filter>
    </ClCompile>
    <ClCompile Include="GameEngine\Core\Graphics\OffscreenRenderTarget.cpp">
      <Filter>GameEngine\Core\Graphics</Filter>
    </ClCompile>
    <ClCompile Include="GameEngine\Core\Graphics\PipelineState.cpp">
      <Filter>GameEngine\Core\Graphics</Filter>
    </ClCompile>
    <ClCompile Include="GameEngine\Core\Graphics\PointLight.cpp">
      <Filter>GameEngine\Core\Graphics</Filter>
    </ClCompile>
    <ClCompile Include="GameEngine\Core\Graphics\ResourceHelper.cpp">
      <Filter>GameEngine\Core\Graphics</Filter>
    </ClCompile>
    <ClCompile Include="GameEngine\Core\Graphics\RootSignature.cpp">
      <Filter>GameEngine\Core\Graphics</Filter>
    </ClCompile>
    <ClCompile Include="GameEngine\Core\Graphics\ShaderCompiler.cpp">
      <Filter>GameEngine\Core\Graphics</Filter>
    </ClCompile>
    <ClCompile Include="GameEngine\Core\Graphics\SpotLight.cpp">
      <Filter>GameEngine\Core\Graphics</Filter>
    </ClCompile>
    <ClCompile Include="GameEngine\Core\Graphics\Texture.cpp">
      <Filter>GameEngine\Core\Graphics</Filter>
    </ClCompile>
    <ClCompile Include="GameEngine\Core\Graphics\TransformationMatrix.cpp">
      <Filter>GameEngine\Core\Graphics</Filter>
    </ClCompile>
    <ClCompile Include="GameEngine\Core\Input\Input.cpp">
      <Filter>GameEngine\Core\Input</Filter>
    </ClCompile>
    <ClCompile Include="GameEngine\Core\Input\KeyConfig.cpp">
      <Filter>GameEngine\Core\Input</Filter>
    </ClCompile>
    <ClCompile Include="GameEngine\Core\Renderer\BindingLayoutResolver.cpp">
      <Filter>GameEngine\Core\Renderer</Filter>
    </ClCompile>
    <ClCompile Include="GameEngine\Core\Renderer\CameraManager.cpp">
      <Filter>GameEngine\Core\Renderer</Filter>
    </ClCompile>
    <ClCompile Include="GameEngine\Core\Renderer\DrawCommand.cpp">
      <Filter>GameEngine\Core\Renderer</Filter>
    </ClCompile>
    <ClCompile Include="GameEngine\Core\Renderer\LightManager.cpp">
      <Filter>GameEngine\Core\Renderer</Filter>
    </ClCompile>
    <ClCompile Include="GameEngine\Core\Renderer\LineRenderer.cpp">
      <Filter>GameEngine\Core\Renderer</Filter>
    </ClCompile>
    <ClCompile Include="GameEngine\Core\Renderer\ModelRenderer.cpp">
      <Filter>GameEngine\Core\Renderer</Filter>
    </ClCompile>
    <ClCompile Include="GameEngine\Core\Renderer\ParticleRenderer.cpp">
      <Filter>GameEngine\Core\Renderer</Filter>
    </ClCompile>
    <ClCompile Include="GameEngine\Core\Renderer\PipelineDefinitionLoader.cpp">
      <Filter>GameEngine\Core\Renderer</Filter>
    </ClCompile>
    <ClCompile Include="GameEngine\Core\Renderer\PipelineLibrary.cpp">
      <Filter>GameEngine\Core\Renderer</Filter>
    </ClCompile>
    <ClCompile Include="GameEngine\Core\Renderer\PSOManager.cpp">
      <Filter>GameEngine\Core\Renderer</Filter>
    </ClCompile>
    <ClCompile Include="GameEngine\Core\Renderer\ReflectionValidationCoordinator.cpp">
      <Filter>GameEngine\Core\Renderer</Filter>
    </ClCompile>
    <ClCompile Include="GameEngine\Core\Renderer\RenderBootstrapper.cpp">
      <Filter>GameEngine\Core\Renderer</Filter>
    </ClCompile>
    <ClCompile Include="GameEngine\Core\Renderer\Renderer.cpp">
      <Filter>GameEngine\Core\Renderer</Filter>
    </ClCompile>
    <ClCompile Include="GameEngine\Core\Renderer\RendererEditorController.cpp">
      <Filter>GameEngine\Core\Renderer</Filter>
    </ClCompile>
    <ClCompile Include="GameEngine\Core\Renderer\ShaderManager.cpp">
      <Filter>GameEngine\Core\Renderer</Filter>
    </ClCompile>
    <ClCompile Include="GameEngine\Core\Renderer\SpriteRenderer.cpp">
      <Filter>GameEngine\Core\Renderer</Filter>
    </ClCompile>
    <ClCompile Include="GameEngine\Core\Renderer\UIRenderer.cpp">
      <Filter>GameEngine\Core\Renderer</Filter>
    </ClCompile>
    <ClCompile Include="GameEngine\Core\Renderer\PostProcess\Bloom.cpp">
      <Filter>GameEngine\Core\Renderer\PostProcess</Filter>
    </ClCompile>
    <ClCompile Include="GameEngine\Core\Renderer\PostProcess\ChromaticAberration.cpp">
      <Filter>GameEngine\Core\Renderer\PostProcess</Filter>
    </ClCompile>
    <ClCompile Include="GameEngine\Core\Renderer\PostProcess\EffectFactoryRegistry.cpp">
      <Filter>GameEngine\Core\Renderer\PostProcess</Filter>
    </ClCompile>
    <ClCompile Include="GameEngine\Core\Renderer\PostProcess\GaussBlur.cpp">
      <Filter>GameEngine\Core\Renderer\PostProcess</Filter>
    </ClCompile>
    <ClCompile Include="GameEngine\Core\Renderer\PostProcess\Grayscale.cpp">
      <Filter>GameEngine\Core\Renderer\PostProcess</Filter>
    </ClCompile>
    <ClCompile Include="GameEngine\Core\Renderer\PostProcess\Pixelation.cpp">
      <Filter>GameEngine\Core\Renderer\PostProcess</Filter>
    </ClCompile>
    <ClCompile Include="GameEngine\Core\Renderer\PostProcess\PostProcess.cpp">
      <Filter>GameEngine\Core\Renderer\PostProcess</Filter>
    </ClCompile>
    <ClCompile Include="GameEngine\Core\Renderer\PostProcess\PostProcessManager.cpp">
      <Filter>GameEngine\Core\Renderer\PostProcess</Filter>
    </ClCompile>
    <ClCompile Include="GameEngine\Core\Renderer\PostProcess\RadialBlur.cpp">
      <Filter>GameEngine\Core\Renderer\PostProcess</Filter>
    </ClCompile>
    <ClCompile Include="GameEngine\Core\Renderer\PostProcess\ShockWave.cpp">
      <Filter>GameEngine\Core\Renderer\PostProcess</Filter>
    </ClCompile>
    <ClCompile Include="GameEngine\Core\Renderer\PostProcess\Vignette.cpp">
      <Filter>GameEngine\Core\Renderer\PostProcess</Filter>
    </ClCompile>
    <ClCompile Include="GameEngine\Core\TimeProfiler\TimeProfiler.cpp">
      <Filter>GameEngine\Core\TimeProfiler</Filter>
    </ClCompile>
    <ClCompile Include="GameEngine\Core\UI\ImGuiManager.cpp">
      <Filter>GameEngine\Core\UI</Filter>
    </ClCompile>
    <ClCompile Include="GameEngine\Core\Window\Window.cpp">
      <Filter>GameEngine\Core\Window</Filter>
    </ClCompile>
    <ClCompile Include="GameEngine\Effect\Particle.cpp">
      <Filter>GameEngine\Effect</Filter>
    </ClCompile>
    <ClCompile Include="GameEngine\Effect\ParticleMaterial.cpp">
      <Filter>GameEngine\Effect</Filter>
    </ClCompile>
    <ClCompile Include="GameEngine\Effect\ParticleSystem.cpp">
      <Filter>GameEngine\Effect</Filter>
    </ClCompile>
    <ClCompile Include="GameEngine\Effect\ParticleSystemEdit.cpp">
      <Filter>GameEngine\Effect</Filter>
    </ClCompile>
    <ClCompile Include="GameEngine\Effect\Edit\ParticleEmissionModuleEdit.cpp">
      <Filter>GameEngine\Effect\Edit</Filter>
    </ClCompile>
    <ClCompile Include="GameEngine\Effect\Edit\ParticleLifetimeModulesEdit.cpp">
      <Filter>GameEngine\Effect\Edit</Filter>
    </ClCompile>
    <ClCompile Include="GameEngine\Effect\Edit\ParticleMainModuleEdit.cpp">
      <Filter>GameEngine\Effect\Edit</Filter>
    </ClCompile>
    <ClCompile Include="GameEngine\Effect\Edit\ParticleShapeModuleEdit.cpp">
      <Filter>GameEngine\Effect\Edit</Filter>
    </ClCompile>
    <ClCompile Include="GameEngine\Effect\Module\EmissionModule.cpp">
      <Filter>GameEngine\Effect\Module</Filter>
    </ClCompile>
    <ClCompile Include="GameEngine\Effect\Module\LifetimeModules.cpp">
      <Filter>GameEngine\Effect\Module</Filter>
    </ClCompile>
    <ClCompile Include="GameEngine\Effect\Module\MainModule.cpp">
      <Filter>GameEngine\Effect\Module</Filter>
    </ClCompile>
    <ClCompile Include="GameEngine\Effect\Module\RendererModule.cpp">
      <Filter>GameEngine\Effect\Module</Filter>
    </ClCompile>
    <ClCompile Include="GameEngine\Effect\Module\ShapeModule.cpp">
      <Filter>GameEngine\Effect\Module</Filter>
    </ClCompile>
    <ClCompile Include="GameEngine\Framework\EngineContext.cpp">
      <Filter>GameEngine\Framework</Filter>
    </ClCompile>
    <ClCompile Include="GameEngine\Framework\Framework.cpp">
      <Filter>GameEngine\Framework</Filter>
    </ClCompile>
    <ClCompile Include="GameEngine\Object\Object.cpp">
      <Filter>GameEngine\Object</Filter>
    </ClCompile>
    <ClCompile Include="GameEngine\Object\Component\AnimationComponent.cpp">
      <Filter>GameEngine\Object\Component</Filter>
    </ClCompile>
    <ClCompile Include="GameEngine\Object\Component\MaterialComponent.cpp">
      <Filter>GameEngine\Object\Component</Filter>
    </ClCompile>
    <ClCompile Include="GameEngine\Object\Component\ObjectNameComponent.cpp">
      <Filter>GameEngine\Object\Component</Filter>
    </ClCompile>
    <ClCompile Include="GameEngine\Object\Component\RenderComponent.cpp">
      <Filter>GameEngine\Object\Component</Filter>
    </ClCompile>
    <ClCompile Include="GameEngine\Object\Component\TransformComponent.cpp">
      <Filter>GameEngine\Object\Component</Filter>
    </ClCompile>
    <ClCompile Include="GameEngine\Object\Line\Line.cpp">
      <Filter>GameEngine\Object\Line</Filter>
    </ClCompile>
    <ClCompile Include="GameEngine\Object\Model\AnimationAsset.cpp">
      <Filter>GameEngine\Object\Model</Filter>
    </ClCompile>
    <ClCompile Include="GameEngine\Object\Model\Model.cpp">
      <Filter>GameEngine\Object\Model</Filter>
    </ClCompile>
    <ClCompile Include="GameEngine\Object\Model\ModelAsset.cpp">
      <Filter>GameEngine\Object\Model</Filter>
    </ClCompile>
    <ClCompile Include="GameEngine\Object\Sprite\Sprite.cpp">
      <Filter>GameEngine\Object\Sprite</Filter>
    </ClCompile>
    <ClCompile Include="GameEngine\Scene\BaseScene.cpp">
      <Filter>GameEngine\Scene</Filter>
    </ClCompile>
    <ClCompile Include="GameEngine\Scene\SceneFade.cpp">
      <Filter>GameEngine\Scene</Filter>
    </ClCompile>
    <ClCompile Include="GameEngine\Scene\SceneManager.cpp">
      <Filter>GameEngine\Scene</Filter>
    </ClCompile>
    <ClCompile Include="GameEngine\Scene\Camera\Camera.cpp">
      <Filter>GameEngine\Scene\Camera</Filter>
    </ClCompile>
    <ClCompile Include="GameEngine\Scene\Camera\DebugCamera.cpp">
      <Filter>GameEngine\Scene\Camera</Filter>
    </ClCompile>
    <ClCompile Include="GameEngine\Utility\JsonDataManager.cpp">
      <Filter>GameEngine\Utility</Filter>
    </ClCompile>
    <ClCompile Include="GameEngine\Utility\Logger.cpp">
      <Filter>GameEngine\Utility</Filter>
    </ClCompile>
    <ClCompile Include="GameEngine\Utility\StateMachine.cpp">
      <Filter>GameEngine\Utility</Filter>
    </ClCompile>
    <ClCompile Include="GameEngine\Utility\TimerSystem.cpp">
      <Filter>GameEngine\Utility</Filter>
    </ClCompile>
    <ClCompile Include="GameEngine\Utility\MathUtils\ColorUtils.cpp">
      <Filter>GameEngine\Utility\MathUtils</Filter>
    </ClCompile>
    <ClCompile Include="GameEngine\Utility\MathUtils\EasingFunctions.cpp">
      <Filter>GameEngine\Utility\MathUtils</Filter>
    </ClCompile>
    <ClCompile Include="GameEngine\Utility\MathUtils\MatrixOperations.cpp">
      <Filter>GameEngine\Utility\MathUtils</Filter>
    </ClCompile>
    <ClCompile Include="GameEngine\Utility\MathUtils\QuaternionOperations.cpp">
      <Filter>GameEngine\Utility\MathUtils</Filter>
    </ClCompile>
    <ClCompile Include="GameEngine\Utility\MathUtils\SplineUtils.cpp">
      <Filter>GameEngine\Utility\MathUtils</Filter>
    </ClCompile>
    <ClCompile Include="GameEngine\Utility\MathUtils\VectorOperations.cpp">
      <Filter>GameEngine\Utility\MathUtils</Filter>
    </ClCompile>
    <ClCompile Include="GameProject\Game.cpp">
      <Filter>GameProject</Filter>
    </ClCompile>
    <ClCompile Include="GameProject\App\Scene\MySceneFactory.cpp">
      <Filter>GameProject\App\Scene</Filter>
    </ClCompile>
    <ClCompile Include="GameProject\App\Scene\TestScene.cpp">
      <Filter>GameProject\App\Scene</Filter>
    </ClCompile>
    <ClCompile Include="GameEngine\Object\Component\ComponentContainer.cpp" />
    <ClCompile Include="GameEngine\Object\Component\ModelAssetComponent.cpp" />
    <ClCompile Include="GameEngine\Object\Component\ColliderComponent.cpp" />
  </ItemGroup>
  <ItemGroup>
    <ClInclude Include="externals\imgui\imconfig.h">
      <Filter>externals\imgui</Filter>
    </ClInclude>
    <ClInclude Include="externals\imgui\imgui.h">
      <Filter>externals\imgui</Filter>
    </ClInclude>
    <ClInclude Include="externals\imgui\imgui_impl_dx12.h">
      <Filter>externals\imgui</Filter>
    </ClInclude>
    <ClInclude Include="externals\imgui\imgui_impl_win32.h">
      <Filter>externals\imgui</Filter>
    </ClInclude>
    <ClInclude Include="externals\imgui\imgui_internal.h">
      <Filter>externals\imgui</Filter>
    </ClInclude>
    <ClInclude Include="externals\imgui\imstb_rectpack.h">
      <Filter>externals\imgui</Filter>
    </ClInclude>
    <ClInclude Include="externals\imgui\imstb_textedit.h">
      <Filter>externals\imgui</Filter>
    </ClInclude>
    <ClInclude Include="externals\imgui\imstb_truetype.h">
      <Filter>externals\imgui</Filter>
    </ClInclude>
    <ClInclude Include="externals\nlohmann\json.hpp">
      <Filter>externals\nlohmann</Filter>
    </ClInclude>
    <ClInclude Include="externals\nlohmann\json_fwd.hpp">
      <Filter>externals\nlohmann</Filter>
    </ClInclude>
    <ClInclude Include="GameEngine\pch.h">
      <Filter>GameEngine</Filter>
    </ClInclude>
    <ClInclude Include="GameEngine\Collision\Collider.h">
      <Filter>GameEngine\Collision</Filter>
    </ClInclude>
    <ClInclude Include="GameEngine\Collision\Collision.h">
      <Filter>GameEngine\Collision</Filter>
    </ClInclude>
    <ClInclude Include="GameEngine\Core\Asset\AnimationAssetManager.h">
      <Filter>GameEngine\Core\Asset</Filter>
    </ClInclude>
    <ClInclude Include="GameEngine\Core\Asset\AssetManager.h">
      <Filter>GameEngine\Core\Asset</Filter>
    </ClInclude>
    <ClInclude Include="GameEngine\Core\Asset\MaterialManager.h">
      <Filter>GameEngine\Core\Asset</Filter>
    </ClInclude>
    <ClInclude Include="GameEngine\Core\Asset\ModelAssetManager.h">
      <Filter>GameEngine\Core\Asset</Filter>
    </ClInclude>
    <ClInclude Include="GameEngine\Core\Asset\SoundManager.h">
      <Filter>GameEngine\Core\Asset</Filter>
    </ClInclude>
    <ClInclude Include="GameEngine\Core\Asset\TextureManager.h">
      <Filter>GameEngine\Core\Asset</Filter>
    </ClInclude>
    <ClInclude Include="GameEngine\Core\Audio\Audio.h">
      <Filter>GameEngine\Core\Audio</Filter>
    </ClInclude>
    <ClInclude Include="GameEngine\Core\Audio\Sound.h">
      <Filter>GameEngine\Core\Audio</Filter>
    </ClInclude>
    <ClInclude Include="GameEngine\Core\Graphics\AreaLight.h">
      <Filter>GameEngine\Core\Graphics</Filter>
    </ClInclude>
    <ClInclude Include="GameEngine\Core\Graphics\DirectionalLight.h">
      <Filter>GameEngine\Core\Graphics</Filter>
    </ClInclude>
    <ClInclude Include="GameEngine\Core\Graphics\GraphicsDevice.h">
      <Filter>GameEngine\Core\Graphics</Filter>
    </ClInclude>
    <ClInclude Include="GameEngine\Core\Graphics\LightDataBuffer.h">
      <Filter>GameEngine\Core\Graphics</Filter>
    </ClInclude>
    <ClInclude Include="GameEngine\Core\Graphics\Material.h">
      <Filter>GameEngine\Core\Graphics</Filter>
    </ClInclude>
    <ClInclude Include="GameEngine\Core\Graphics\Mesh.h">
      <Filter>GameEngine\Core\Graphics</Filter>
    </ClInclude>
    <ClInclude Include="GameEngine\Core\Graphics\OffscreenRenderTarget.h">
      <Filter>GameEngine\Core\Graphics</Filter>
    </ClInclude>
    <ClInclude Include="GameEngine\Core\Graphics\PipelineState.h">
      <Filter>GameEngine\Core\Graphics</Filter>
    </ClInclude>
    <ClInclude Include="GameEngine\Core\Graphics\PointLight.h">
      <Filter>GameEngine\Core\Graphics</Filter>
    </ClInclude>
    <ClInclude Include="GameEngine\Core\Graphics\ResourceHelper.h">
      <Filter>GameEngine\Core\Graphics</Filter>
    </ClInclude>
    <ClInclude Include="GameEngine\Core\Graphics\RootSignature.h">
      <Filter>GameEngine\Core\Graphics</Filter>
    </ClInclude>
    <ClInclude Include="GameEngine\Core\Graphics\ShaderCompiler.h">
      <Filter>GameEngine\Core\Graphics</Filter>
    </ClInclude>
    <ClInclude Include="GameEngine\Core\Graphics\SpotLight.h">
      <Filter>GameEngine\Core\Graphics</Filter>
    </ClInclude>
    <ClInclude Include="GameEngine\Core\Graphics\Texture.h">
      <Filter>GameEngine\Core\Graphics</Filter>
    </ClInclude>
    <ClInclude Include="GameEngine\Core\Graphics\TransformationMatrix.h">
      <Filter>GameEngine\Core\Graphics</Filter>
    </ClInclude>
    <ClInclude Include="GameEngine\Core\Input\Input.h">
      <Filter>GameEngine\Core\Input</Filter>
    </ClInclude>
    <ClInclude Include="GameEngine\Core\Input\KeyConfig.h">
      <Filter>GameEngine\Core\Input</Filter>
    </ClInclude>
    <ClInclude Include="GameEngine\Core\Renderer\BindingLayoutResolver.h">
      <Filter>GameEngine\Core\Renderer</Filter>
    </ClInclude>
    <ClInclude Include="GameEngine\Core\Renderer\CameraManager.h">
      <Filter>GameEngine\Core\Renderer</Filter>
    </ClInclude>
    <ClInclude Include="GameEngine\Core\Renderer\DrawCommand.h">
      <Filter>GameEngine\Core\Renderer</Filter>
    </ClInclude>
    <ClInclude Include="GameEngine\Core\Renderer\LightManager.h">
      <Filter>GameEngine\Core\Renderer</Filter>
    </ClInclude>
    <ClInclude Include="GameEngine\Core\Renderer\LineRenderer.h">
      <Filter>GameEngine\Core\Renderer</Filter>
    </ClInclude>
    <ClInclude Include="GameEngine\Core\Renderer\ModelRenderer.h">
      <Filter>GameEngine\Core\Renderer</Filter>
    </ClInclude>
    <ClInclude Include="GameEngine\Core\Renderer\ParticleRenderer.h">
      <Filter>GameEngine\Core\Renderer</Filter>
    </ClInclude>
    <ClInclude Include="GameEngine\Core\Renderer\PipelineDefinitionLoader.h">
      <Filter>GameEngine\Core\Renderer</Filter>
    </ClInclude>
    <ClInclude Include="GameEngine\Core\Renderer\PipelineDescriptor.h">
      <Filter>GameEngine\Core\Renderer</Filter>
    </ClInclude>
    <ClInclude Include="GameEngine\Core\Renderer\PipelineLibrary.h">
      <Filter>GameEngine\Core\Renderer</Filter>
    </ClInclude>
    <ClInclude Include="GameEngine\Core\Renderer\PSOManager.h">
      <Filter>GameEngine\Core\Renderer</Filter>
    </ClInclude>
    <ClInclude Include="GameEngine\Core\Renderer\ReflectionValidationCoordinator.h">
      <Filter>GameEngine\Core\Renderer</Filter>
    </ClInclude>
    <ClInclude Include="GameEngine\Core\Renderer\ReflectionValidationState.h">
      <Filter>GameEngine\Core\Renderer</Filter>
    </ClInclude>
    <ClInclude Include="GameEngine\Core\Renderer\RenderBootstrapper.h">
      <Filter>GameEngine\Core\Renderer</Filter>
    </ClInclude>
    <ClInclude Include="GameEngine\Core\Renderer\Renderer.h">
      <Filter>GameEngine\Core\Renderer</Filter>
    </ClInclude>
    <ClInclude Include="GameEngine\Core\Renderer\RendererEditorController.h">
      <Filter>GameEngine\Core\Renderer</Filter>
    </ClInclude>
    <ClInclude Include="GameEngine\Core\Renderer\RootBindingSlots.h">
      <Filter>GameEngine\Core\Renderer</Filter>
    </ClInclude>
    <ClInclude Include="GameEngine\Core\Renderer\ShaderManager.h">
      <Filter>GameEngine\Core\Renderer</Filter>
    </ClInclude>
    <ClInclude Include="GameEngine\Core\Renderer\SpriteRenderer.h">
      <Filter>GameEngine\Core\Renderer</Filter>
    </ClInclude>
    <ClInclude Include="GameEngine\Core\Renderer\UIRenderer.h">
      <Filter>GameEngine\Core\Renderer</Filter>
    </ClInclude>
    <ClInclude Include="GameEngine\Core\Renderer\PostProcess\Bloom.h">
      <Filter>GameEngine\Core\Renderer\PostProcess</Filter>
    </ClInclude>
    <ClInclude Include="GameEngine\Core\Renderer\PostProcess\ChromaticAberration.h">
      <Filter>GameEngine\Core\Renderer\PostProcess</Filter>
    </ClInclude>
    <ClInclude Include="GameEngine\Core\Renderer\PostProcess\EffectFactoryRegistry.h">
      <Filter>GameEngine\Core\Renderer\PostProcess</Filter>
    </ClInclude>
    <ClInclude Include="GameEngine\Core\Renderer\PostProcess\GaussBlur.h">
      <Filter>GameEngine\Core\Renderer\PostProcess</Filter>
    </ClInclude>
    <ClInclude Include="GameEngine\Core\Renderer\PostProcess\Grayscale.h">
      <Filter>GameEngine\Core\Renderer\PostProcess</Filter>
    </ClInclude>
    <ClInclude Include="GameEngine\Core\Renderer\PostProcess\Pixelation.h">
      <Filter>GameEngine\Core\Renderer\PostProcess</Filter>
    </ClInclude>
    <ClInclude Include="GameEngine\Core\Renderer\PostProcess\PostProcess.h">
      <Filter>GameEngine\Core\Renderer\PostProcess</Filter>
    </ClInclude>
    <ClInclude Include="GameEngine\Core\Renderer\PostProcess\PostProcessManager.h">
      <Filter>GameEngine\Core\Renderer\PostProcess</Filter>
    </ClInclude>
    <ClInclude Include="GameEngine\Core\Renderer\PostProcess\RadialBlur.h">
      <Filter>GameEngine\Core\Renderer\PostProcess</Filter>
    </ClInclude>
    <ClInclude Include="GameEngine\Core\Renderer\PostProcess\ShockWave.h">
      <Filter>GameEngine\Core\Renderer\PostProcess</Filter>
    </ClInclude>
    <ClInclude Include="GameEngine\Core\Renderer\PostProcess\Vignette.h">
      <Filter>GameEngine\Core\Renderer\PostProcess</Filter>
    </ClInclude>
    <ClInclude Include="GameEngine\Core\TimeProfiler\TimeProfiler.h">
      <Filter>GameEngine\Core\TimeProfiler</Filter>
    </ClInclude>
    <ClInclude Include="GameEngine\Core\UI\ImGuiManager.h">
      <Filter>GameEngine\Core\UI</Filter>
    </ClInclude>
    <ClInclude Include="GameEngine\Core\Window\Window.h">
      <Filter>GameEngine\Core\Window</Filter>
    </ClInclude>
    <ClInclude Include="GameEngine\Effect\Particle.h">
      <Filter>GameEngine\Effect</Filter>
    </ClInclude>
    <ClInclude Include="GameEngine\Effect\ParticleMaterial.h">
      <Filter>GameEngine\Effect</Filter>
    </ClInclude>
    <ClInclude Include="GameEngine\Effect\ParticleSystem.h">
      <Filter>GameEngine\Effect</Filter>
    </ClInclude>
    <ClInclude Include="GameEngine\Effect\ParticleSystemEdit.h">
      <Filter>GameEngine\Effect</Filter>
    </ClInclude>
    <ClInclude Include="GameEngine\Effect\Edit\ParticleEmissionModuleEdit.h">
      <Filter>GameEngine\Effect\Edit</Filter>
    </ClInclude>
    <ClInclude Include="GameEngine\Effect\Edit\ParticleLifetimeModulesEdit.h">
      <Filter>GameEngine\Effect\Edit</Filter>
    </ClInclude>
    <ClInclude Include="GameEngine\Effect\Edit\ParticleMainModuleEdit.h">
      <Filter>GameEngine\Effect\Edit</Filter>
    </ClInclude>
    <ClInclude Include="GameEngine\Effect\Edit\ParticleShapeModuleEdit.h">
      <Filter>GameEngine\Effect\Edit</Filter>
    </ClInclude>
    <ClInclude Include="GameEngine\Effect\Module\EmissionModule.h">
      <Filter>GameEngine\Effect\Module</Filter>
    </ClInclude>
    <ClInclude Include="GameEngine\Effect\Module\LifetimeModules.h">
      <Filter>GameEngine\Effect\Module</Filter>
    </ClInclude>
    <ClInclude Include="GameEngine\Effect\Module\MainModule.h">
      <Filter>GameEngine\Effect\Module</Filter>
    </ClInclude>
    <ClInclude Include="GameEngine\Effect\Module\ParticleModule.h">
      <Filter>GameEngine\Effect\Module</Filter>
    </ClInclude>
    <ClInclude Include="GameEngine\Effect\Module\RendererModule.h">
      <Filter>GameEngine\Effect\Module</Filter>
    </ClInclude>
    <ClInclude Include="GameEngine\Effect\Module\ShapeModule.h">
      <Filter>GameEngine\Effect\Module</Filter>
    </ClInclude>
    <ClInclude Include="GameEngine\Framework\D3DResourceLeakChecker.h">
      <Filter>GameEngine\Framework</Filter>
    </ClInclude>
    <ClInclude Include="GameEngine\Framework\EngineContext.h">
      <Filter>GameEngine\Framework</Filter>
    </ClInclude>
    <ClInclude Include="GameEngine\Framework\ExportDump.h">
      <Filter>GameEngine\Framework</Filter>
    </ClInclude>
    <ClInclude Include="GameEngine\Framework\Framework.h">
      <Filter>GameEngine\Framework</Filter>
    </ClInclude>
    <ClInclude Include="GameEngine\Object\Object.h">
      <Filter>GameEngine\Object</Filter>
    </ClInclude>
    <ClInclude Include="GameEngine\Object\Component\AnimationComponent.h">
      <Filter>GameEngine\Object\Component</Filter>
    </ClInclude>
    <ClInclude Include="GameEngine\Object\Component\ColliderComponent.h">
      <Filter>GameEngine\Object\Component</Filter>
    </ClInclude>
    <ClInclude Include="GameEngine\Object\Component\ComponentRegistry.h">
      <Filter>GameEngine\Object\Component</Filter>
    </ClInclude>
    <ClInclude Include="GameEngine\Object\Component\IObjectComponent.h">
      <Filter>GameEngine\Object\Component</Filter>
    </ClInclude>
    <ClInclude Include="GameEngine\Object\Component\MaterialComponent.h">
      <Filter>GameEngine\Object\Component</Filter>
    </ClInclude>
    <ClInclude Include="GameEngine\Object\Component\ObjectNameComponent.h">
      <Filter>GameEngine\Object\Component</Filter>
    </ClInclude>
    <ClInclude Include="GameEngine\Object\Component\RenderComponent.h">
      <Filter>GameEngine\Object\Component</Filter>
    </ClInclude>
    <ClInclude Include="GameEngine\Object\Component\TransformComponent.h">
      <Filter>GameEngine\Object\Component</Filter>
    </ClInclude>
    <ClInclude Include="GameEngine\Object\Line\Line.h">
      <Filter>GameEngine\Object\Line</Filter>
    </ClInclude>
    <ClInclude Include="GameEngine\Object\Model\AnimationAsset.h">
      <Filter>GameEngine\Object\Model</Filter>
    </ClInclude>
    <ClInclude Include="GameEngine\Object\Model\Model.h">
      <Filter>GameEngine\Object\Model</Filter>
    </ClInclude>
    <ClInclude Include="GameEngine\Object\Model\ModelAsset.h">
      <Filter>GameEngine\Object\Model</Filter>
    </ClInclude>
    <ClInclude Include="GameEngine\Object\Model\Skeleton.h">
      <Filter>GameEngine\Object\Model</Filter>
    </ClInclude>
    <ClInclude Include="GameEngine\Object\Prefab\PrefabLoader.h">
      <Filter>GameEngine\Object\Prefab</Filter>
    </ClInclude>
    <ClInclude Include="GameEngine\Object\Sprite\Sprite.h">
      <Filter>GameEngine\Object\Sprite</Filter>
    </ClInclude>
    <ClInclude Include="GameEngine\Scene\BaseScene.h">
      <Filter>GameEngine\Scene</Filter>
    </ClInclude>
    <ClInclude Include="GameEngine\Scene\IScene.h">
      <Filter>GameEngine\Scene</Filter>
    </ClInclude>
    <ClInclude Include="GameEngine\Scene\ISceneFactory.h">
      <Filter>GameEngine\Scene</Filter>
    </ClInclude>
    <ClInclude Include="GameEngine\Scene\SceneFade.h">
      <Filter>GameEngine\Scene</Filter>
    </ClInclude>
    <ClInclude Include="GameEngine\Scene\SceneManager.h">
      <Filter>GameEngine\Scene</Filter>
    </ClInclude>
    <ClInclude Include="GameEngine\Scene\Camera\Camera.h">
      <Filter>GameEngine\Scene\Camera</Filter>
    </ClInclude>
    <ClInclude Include="GameEngine\Scene\Camera\DebugCamera.h">
      <Filter>GameEngine\Scene\Camera</Filter>
    </ClInclude>
    <ClInclude Include="GameEngine\Utility\JsonDataManager.h">
      <Filter>GameEngine\Utility</Filter>
    </ClInclude>
    <ClInclude Include="GameEngine\Utility\Logger.h">
      <Filter>GameEngine\Utility</Filter>
    </ClInclude>
    <ClInclude Include="GameEngine\Utility\MathUtils.h">
      <Filter>GameEngine\Utility</Filter>
    </ClInclude>
    <ClInclude Include="GameEngine\Utility\StateMachine.h">
      <Filter>GameEngine\Utility</Filter>
    </ClInclude>
    <ClInclude Include="GameEngine\Utility\TimerSystem.h">
      <Filter>GameEngine\Utility</Filter>
    </ClInclude>
    <ClInclude Include="GameEngine\Utility\VectorMath.h">
      <Filter>GameEngine\Utility</Filter>
    </ClInclude>
    <ClInclude Include="GameEngine\Utility\Math\Matrix3x3.h">
      <Filter>GameEngine\Utility\Math</Filter>
    </ClInclude>
    <ClInclude Include="GameEngine\Utility\Math\Matrix4x4.h">
      <Filter>GameEngine\Utility\Math</Filter>
    </ClInclude>
    <ClInclude Include="GameEngine\Utility\Math\Quaternion.h">
      <Filter>GameEngine\Utility\Math</Filter>
    </ClInclude>
    <ClInclude Include="GameEngine\Utility\Math\Transform.h">
      <Filter>GameEngine\Utility\Math</Filter>
    </ClInclude>
    <ClInclude Include="GameEngine\Utility\Math\Vector2.h">
      <Filter>GameEngine\Utility\Math</Filter>
    </ClInclude>
    <ClInclude Include="GameEngine\Utility\Math\Vector3.h">
      <Filter>GameEngine\Utility\Math</Filter>
    </ClInclude>
    <ClInclude Include="GameEngine\Utility\Math\Vector4.h">
      <Filter>GameEngine\Utility\Math</Filter>
    </ClInclude>
    <ClInclude Include="GameEngine\Utility\MathUtils\ColorUtils.h">
      <Filter>GameEngine\Utility\MathUtils</Filter>
    </ClInclude>
    <ClInclude Include="GameEngine\Utility\MathUtils\EasingFunctions.h">
      <Filter>GameEngine\Utility\MathUtils</Filter>
    </ClInclude>
    <ClInclude Include="GameEngine\Utility\MathUtils\MatrixOperations.h">
      <Filter>GameEngine\Utility\MathUtils</Filter>
    </ClInclude>
    <ClInclude Include="GameEngine\Utility\MathUtils\QuaternionOperations.h">
      <Filter>GameEngine\Utility\MathUtils</Filter>
    </ClInclude>
    <ClInclude Include="GameEngine\Utility\MathUtils\RandomUtils.h">
      <Filter>GameEngine\Utility\MathUtils</Filter>
    </ClInclude>
    <ClInclude Include="GameEngine\Utility\MathUtils\SplineUtils.h">
      <Filter>GameEngine\Utility\MathUtils</Filter>
    </ClInclude>
    <ClInclude Include="GameEngine\Utility\MathUtils\VectorOperations.h">
      <Filter>GameEngine\Utility\MathUtils</Filter>
    </ClInclude>
    <ClInclude Include="GameProject\Game.h">
      <Filter>GameProject</Filter>
    </ClInclude>
    <ClInclude Include="GameProject\App\Scene\MySceneFactory.h">
      <Filter>GameProject\App\Scene</Filter>
    </ClInclude>
    <ClInclude Include="GameProject\App\Scene\TestScene.h">
      <Filter>GameProject\App\Scene</Filter>
    </ClInclude>
    <ClInclude Include="GameEngine\Object\Component\ComponentContainer.h" />
    <ClInclude Include="GameEngine\Object\Component\ModelAssetComponent.h" />
  </ItemGroup>
  <ItemGroup>
    <Text Include="externals\imgui\LICENSE.txt" />
  </ItemGroup>
</Project>