<Project ToolsVersion="4.0" xmlns="http://schemas.microsoft.com/developer/msbuild/2003">
  <ItemGroup>
    <Filter Include="externals">
      <UniqueIdentifier>{7b781186-1cf1-4333-86b8-fd7089fa4da8}</UniqueIdentifier>
    </Filter>
    <Filter Include="externals\assimp">
      <UniqueIdentifier>{7f4768f9-f5c0-4c22-9290-59e280421647}</UniqueIdentifier>
    </Filter>
    <Filter Include="externals\assimp\include">
      <UniqueIdentifier>{169650f6-4853-4db8-8b1f-eb5435e4c401}</UniqueIdentifier>
    </Filter>
    <Filter Include="externals\assimp\include\assimp">
      <UniqueIdentifier>{e943e25a-ddbf-4e1c-ae86-176ca13b5c5c}</UniqueIdentifier>
    </Filter>
    <Filter Include="externals\assimp\include\assimp\Compiler">
      <UniqueIdentifier>{d4c8aa5c-4514-4ca6-8b02-f97e5cc62db6}</UniqueIdentifier>
    </Filter>
    <Filter Include="externals\assimp\include\assimp\port">
      <UniqueIdentifier>{fbc65568-ed7e-499b-a1fe-85b6a3e12ff4}</UniqueIdentifier>
    </Filter>
    <Filter Include="externals\assimp\include\assimp\port\AndroidJNI">
      <UniqueIdentifier>{841780ec-4ecd-4e51-a157-afe70ee2c73c}</UniqueIdentifier>
    </Filter>
    <Filter Include="externals\DirectXTex">
      <UniqueIdentifier>{d2505f9a-d490-4868-9b72-17cc82f00430}</UniqueIdentifier>
    </Filter>
    <Filter Include="externals\DirectXTex\Bin">
      <UniqueIdentifier>{e599de39-a3de-4773-b431-eb0d4d39a95b}</UniqueIdentifier>
    </Filter>
    <Filter Include="externals\DirectXTex\Bin\Desktop_2022_Win10">
      <UniqueIdentifier>{b046d087-732e-4247-9856-ba6557c79bac}</UniqueIdentifier>
    </Filter>
    <Filter Include="externals\DirectXTex\Bin\Desktop_2022_Win10\x64">
      <UniqueIdentifier>{bbae0b53-6283-4990-8ae4-db833813165a}</UniqueIdentifier>
    </Filter>
    <Filter Include="externals\DirectXTex\Bin\Desktop_2022_Win10\x64\Debug">
      <UniqueIdentifier>{c0dd4daa-f996-48e2-adc3-0f7315b1c76c}</UniqueIdentifier>
    </Filter>
    <Filter Include="externals\DirectXTex\Bin\Desktop_2022_Win10\x64\Development">
      <UniqueIdentifier>{c36182c6-b8d4-48d3-95a8-e4fd7b51caa9}</UniqueIdentifier>
    </Filter>
    <Filter Include="externals\DirectXTex\Bin\Desktop_2022_Win10\x64\Release">
      <UniqueIdentifier>{d5cc5fdb-fa5c-489d-a5df-b73c027ef03d}</UniqueIdentifier>
    </Filter>
    <Filter Include="externals\imgui">
      <UniqueIdentifier>{db68bccb-aff5-4a5a-8434-0c28788c2afd}</UniqueIdentifier>
    </Filter>
    <Filter Include="externals\imgui\ImGuizmo">
      <UniqueIdentifier>{c5f04b28-7bb2-4f56-8fa4-b5a496287b43}</UniqueIdentifier>
    </Filter>
    <Filter Include="externals\nlohmann">
      <UniqueIdentifier>{c93cc455-1567-4ab5-990c-e8bb7b6ee149}</UniqueIdentifier>
    </Filter>
    <Filter Include="GameEngine">
      <UniqueIdentifier>{cb057d63-b096-46ba-9ea3-07063074624c}</UniqueIdentifier>
    </Filter>
    <Filter Include="GameEngine\Collision">
      <UniqueIdentifier>{fcb6cc4f-9010-47b4-8d07-f945b7639d62}</UniqueIdentifier>
    </Filter>
    <Filter Include="GameEngine\Core">
      <UniqueIdentifier>{ef551b3b-7730-42da-aa2b-eb9a8810d7e8}</UniqueIdentifier>
    </Filter>
    <Filter Include="GameEngine\Core\Asset">
      <UniqueIdentifier>{91b8c595-19d9-4908-8b75-e238ad0f5906}</UniqueIdentifier>
    </Filter>
    <Filter Include="GameEngine\Core\Audio">
      <UniqueIdentifier>{8e3f7465-d104-40b2-8e33-0ea51c39a3e9}</UniqueIdentifier>
    </Filter>
    <Filter Include="GameEngine\Core\Graphics">
      <UniqueIdentifier>{316825bd-27c6-4492-bf50-40b1d941d9d4}</UniqueIdentifier>
    </Filter>
    <Filter Include="GameEngine\Core\Input">
      <UniqueIdentifier>{6bb1734e-fde6-4308-b287-f5ad28c5bf67}</UniqueIdentifier>
    </Filter>
    <Filter Include="GameEngine\Core\Renderer">
      <UniqueIdentifier>{a1488e68-fc03-4f9f-b94f-c52ce4efd844}</UniqueIdentifier>
    </Filter>
    <Filter Include="GameEngine\Editor">
      <UniqueIdentifier>{44d7fd1a-40f6-4e2d-a2f0-c1b4ad066d84}</UniqueIdentifier>
    </Filter>
    <Filter Include="GameEngine\Editor\Camera">
      <UniqueIdentifier>{928fd5d0-b611-4e3a-bdbb-1d86e2bbba34}</UniqueIdentifier>
    </Filter>
    <Filter Include="GameEngine\Editor\Particle">
      <UniqueIdentifier>{71da3294-75d2-4851-b759-9b732d92e5a1}</UniqueIdentifier>
    </Filter>
    <Filter Include="GameEngine\Editor\Renderer">
      <UniqueIdentifier>{e239fc76-61ab-401e-a662-b346d473cf57}</UniqueIdentifier>
    </Filter>
    <Filter Include="GameEngine\Core\Renderer\Light">
      <UniqueIdentifier>{7786d44e-b2f5-483b-8383-3ade7e41c13e}</UniqueIdentifier>
    </Filter>
    <Filter Include="GameEngine\Core\Renderer\Pass">
      <UniqueIdentifier>{59f96049-780f-4491-bd5e-4a08d43d0f05}</UniqueIdentifier>
    </Filter>
    <Filter Include="GameEngine\Core\Renderer\Pipeline">
      <UniqueIdentifier>{30150687-72df-4de8-bc6d-a6216069d05e}</UniqueIdentifier>
    </Filter>
    <Filter Include="GameEngine\Core\Renderer\PostProcess">
      <UniqueIdentifier>{3f1aa6a8-909a-4f63-ba7f-25bce0097b38}</UniqueIdentifier>
    </Filter>
    <Filter Include="GameEngine\Core\TimeProfiler">
      <UniqueIdentifier>{80b6f23a-f24c-4f9e-8dd9-646bd2a359a9}</UniqueIdentifier>
    </Filter>
    <Filter Include="GameEngine\Core\UI">
      <UniqueIdentifier>{aa56cf15-91b0-4448-9afe-06e9eb92e026}</UniqueIdentifier>
    </Filter>
    <Filter Include="GameEngine\Core\Window">
      <UniqueIdentifier>{10e502e9-5319-4dde-99ea-6c9861f5ce4d}</UniqueIdentifier>
    </Filter>
    <Filter Include="GameEngine\Effect">
      <UniqueIdentifier>{07af1d75-7fae-4abc-b2f0-4ca4bca20cbc}</UniqueIdentifier>
    </Filter>
    <Filter Include="GameEngine\Effect\Module">
      <UniqueIdentifier>{5095b2f7-4192-4ac2-8789-1d5a1d786adb}</UniqueIdentifier>
    </Filter>
    <Filter Include="GameEngine\Framework">
      <UniqueIdentifier>{1a4d016e-4551-4ccb-8a91-da7269fceb60}</UniqueIdentifier>
    </Filter>
    <Filter Include="GameEngine\Object">
      <UniqueIdentifier>{0c25d033-00bd-47c7-81f1-555641b82346}</UniqueIdentifier>
    </Filter>
    <Filter Include="GameEngine\Object\Component">
      <UniqueIdentifier>{66363485-8256-4d9f-b262-cafb5e87420f}</UniqueIdentifier>
    </Filter>
    <Filter Include="GameEngine\Object\Model">
      <UniqueIdentifier>{e7201b3c-a154-418e-8846-6f70b9fd2cc9}</UniqueIdentifier>
    </Filter>
    <Filter Include="GameEngine\Object\Skybox">
      <UniqueIdentifier>{9d5b736d-4b1c-42c9-81c8-5a441e3b9522}</UniqueIdentifier>
    </Filter>
    <Filter Include="GameEngine\Object\Sprite">
      <UniqueIdentifier>{794c4476-ebd3-4270-bc43-6493b5694892}</UniqueIdentifier>
    </Filter>
    <Filter Include="GameEngine\Scene">
      <UniqueIdentifier>{a2829b1f-c791-45c8-8b59-16d0c45dd9c9}</UniqueIdentifier>
    </Filter>
    <Filter Include="GameEngine\Scene\Camera">
      <UniqueIdentifier>{dadc7e6d-8495-4ea4-a5cb-c8bffecfa3a9}</UniqueIdentifier>
    </Filter>
    <Filter Include="GameEngine\Scene\Camera\Components">
      <UniqueIdentifier>{e4166b54-42fa-4358-9854-a41300603cf1}</UniqueIdentifier>
    </Filter>
    <Filter Include="GameEngine\Scene\Camera\Core">
      <UniqueIdentifier>{1c9e2b92-88ca-4166-9535-ac1b5279f404}</UniqueIdentifier>
    </Filter>
    <Filter Include="GameEngine\Scene\Light">
      <UniqueIdentifier>{55a3c4c8-3fab-4a4e-a006-701893bd582a}</UniqueIdentifier>
    </Filter>
    <Filter Include="GameEngine\Utility">
      <UniqueIdentifier>{48f69741-286f-4062-99c7-ec100f43bf78}</UniqueIdentifier>
    </Filter>
    <Filter Include="GameEngine\Utility\Math">
      <UniqueIdentifier>{0260e915-7d65-402b-aac9-dddbceebad4c}</UniqueIdentifier>
    </Filter>
    <Filter Include="GameEngine\Utility\MathUtils">
      <UniqueIdentifier>{8cafe075-3636-46c6-b741-58ee07cddc1e}</UniqueIdentifier>
    </Filter>
    <Filter Include="GameProject">
      <UniqueIdentifier>{12266cc4-9be6-4e02-b23d-f8d26f13a0b5}</UniqueIdentifier>
    </Filter>
    <Filter Include="GameProject\App">
      <UniqueIdentifier>{02df3d9f-16c2-49ae-97b2-e8bc0bcd7f34}</UniqueIdentifier>
    </Filter>
    <Filter Include="GameProject\App\Component">
      <UniqueIdentifier>{0d7a4c8b-a072-40d4-86d3-6618f9f4068f}</UniqueIdentifier>
    </Filter>
    <Filter Include="GameProject\App\Component\Camera">
      <UniqueIdentifier>{d5bf94fb-d7fc-4209-b4dc-b2c2cfda2206}</UniqueIdentifier>
    </Filter>
    <Filter Include="GameProject\App\Component\Character">
      <UniqueIdentifier>{08cd1dc2-95de-437e-8ce2-7e9a0074f763}</UniqueIdentifier>
    </Filter>
    <Filter Include="GameProject\App\Component\Gravity">
      <UniqueIdentifier>{9b83c4ab-08c7-450f-bf71-b402c835160e}</UniqueIdentifier>
    </Filter>
    <Filter Include="GameProject\App\Component\Vehicle">
      <UniqueIdentifier>{e19a7bfc-f7c9-4e98-8d4e-34589b360d74}</UniqueIdentifier>
    </Filter>
    <Filter Include="GameProject\App\Scene">
      <UniqueIdentifier>{7832814e-0049-411b-bb30-ad37c417cf91}</UniqueIdentifier>
    </Filter>
    <Filter Include="resources">
      <UniqueIdentifier>{b2ef4672-0f78-4a1c-8822-84165f22a292}</UniqueIdentifier>
    </Filter>
    <Filter Include="resources\particles">
      <UniqueIdentifier>{4c15140a-fec4-4779-9a9f-4a4e959b6b22}</UniqueIdentifier>
    </Filter>
    <Filter Include="resources\pipelines">
      <UniqueIdentifier>{31475496-289b-4035-a69b-bd87211b8d28}</UniqueIdentifier>
    </Filter>
    <Filter Include="resources\pipelines\postprocess">
      <UniqueIdentifier>{b057ea1e-1494-4918-b279-eaadd76e52dc}</UniqueIdentifier>
    </Filter>
    <Filter Include="resources\pipelines\rootsig">
      <UniqueIdentifier>{3c7244d1-dce0-4880-a92f-ac4b263cdbfb}</UniqueIdentifier>
    </Filter>
    <Filter Include="resources\postprocess">
      <UniqueIdentifier>{ecaacb3b-0ba4-4da5-bd32-5587a265ff5c}</UniqueIdentifier>
    </Filter>
    <Filter Include="resources\shaders">
      <UniqueIdentifier>{e4f6ef00-9947-436f-8eee-aa459ac814f8}</UniqueIdentifier>
    </Filter>
  </ItemGroup>
  <ItemGroup>
    <None Include="Resources\pipelines\fullscreen_triangle_pipeline.json">
      <Filter>resources\pipelines</Filter>
    </None>
    <None Include="Resources\pipelines\line3d_pipeline.json">
      <Filter>resources\pipelines</Filter>
    </None>
    <None Include="Resources\pipelines\object3d_pipeline.json">
      <Filter>resources\pipelines</Filter>
    </None>
    <None Include="Resources\pipelines\particle_pipeline.json">
      <Filter>resources\pipelines</Filter>
    </None>
    <None Include="Resources\pipelines\pipeline_registry.json">
      <Filter>resources\pipelines</Filter>
    </None>
    <None Include="Resources\pipelines\skinning_object3d_pipeline.json">
      <Filter>resources\pipelines</Filter>
    </None>
    <None Include="Resources\pipelines\skybox_pipeline.json">
      <Filter>resources\pipelines</Filter>
    </None>
    <None Include="Resources\pipelines\sprite_pipeline.json">
      <Filter>resources\pipelines</Filter>
    </None>
    <None Include="Resources\pipelines\postprocess\anti_aliasing_pipeline.json">
      <Filter>resources\pipelines\postprocess</Filter>
    </None>
    <None Include="Resources\pipelines\postprocess\bloom_pipeline.json">
      <Filter>resources\pipelines\postprocess</Filter>
    </None>
    <None Include="Resources\pipelines\postprocess\boxfilter_pipeline.json">
      <Filter>resources\pipelines\postprocess</Filter>
    </None>
    <None Include="Resources\pipelines\postprocess\chromatic_aberration_pipeline.json">
      <Filter>resources\pipelines\postprocess</Filter>
    </None>
    <None Include="Resources\pipelines\postprocess\dissolve_pipeline.json">
      <Filter>resources\pipelines\postprocess</Filter>
    </None>
    <None Include="Resources\pipelines\postprocess\gaussfilter_pipeline.json">
      <Filter>resources\pipelines\postprocess</Filter>
    </None>
    <None Include="Resources\pipelines\postprocess\grayscale_pipeline.json">
      <Filter>resources\pipelines\postprocess</Filter>
    </None>
    <None Include="Resources\pipelines\postprocess\linear_to_srgb_pipeline.json">
      <Filter>resources\pipelines\postprocess</Filter>
    </None>
    <None Include="Resources\pipelines\postprocess\outline_pipeline.json">
      <Filter>resources\pipelines\postprocess</Filter>
    </None>
    <None Include="Resources\pipelines\postprocess\pixelation_pipeline.json">
      <Filter>resources\pipelines\postprocess</Filter>
    </None>
    <None Include="Resources\pipelines\postprocess\radialblur_pipeline.json">
      <Filter>resources\pipelines\postprocess</Filter>
    </None>
    <None Include="Resources\pipelines\postprocess\shockwave_pipeline.json">
      <Filter>resources\pipelines\postprocess</Filter>
    </None>
    <None Include="Resources\pipelines\postprocess\speedline_pipeline.json">
      <Filter>resources\pipelines\postprocess</Filter>
    </None>
    <None Include="Resources\pipelines\postprocess\vignette_pipeline.json">
      <Filter>resources\pipelines\postprocess</Filter>
    </None>
    <None Include="Resources\pipelines\rootsig\fullscreen_triangle_rootsig.json">
      <Filter>resources\pipelines\rootsig</Filter>
    </None>
    <None Include="Resources\pipelines\rootsig\line3d_rootsig.json">
      <Filter>resources\pipelines\rootsig</Filter>
    </None>
    <None Include="Resources\pipelines\rootsig\object3d_rootsig.json">
      <Filter>resources\pipelines\rootsig</Filter>
    </None>
    <None Include="Resources\pipelines\rootsig\object3d_skinning_rootsig.json">
      <Filter>resources\pipelines\rootsig</Filter>
    </None>
    <None Include="Resources\pipelines\rootsig\particle_rootsig.json">
      <Filter>resources\pipelines\rootsig</Filter>
    </None>
    <None Include="Resources\pipelines\rootsig\postprocess_dissolve_rootsig.json">
      <Filter>resources\pipelines\rootsig</Filter>
    </None>
    <None Include="Resources\pipelines\rootsig\postprocess_outline_rootsig.json">
      <Filter>resources\pipelines\rootsig</Filter>
    </None>
    <None Include="Resources\pipelines\rootsig\postprocess_radialblur_rootsig.json">
      <Filter>resources\pipelines\rootsig</Filter>
    </None>
    <None Include="Resources\pipelines\rootsig\postprocess_rootsig.json">
      <Filter>resources\pipelines\rootsig</Filter>
    </None>
    <None Include="Resources\pipelines\rootsig\skybox_rootsig.json">
      <Filter>resources\pipelines\rootsig</Filter>
    </None>
    <None Include="Resources\postprocess\postprocess_registry.json">
      <Filter>resources\postprocess</Filter>
    </None>
    <None Include="Resources\shaders\shader_registry.json">
      <Filter>resources\shaders</Filter>
    </None>
    <None Include="AGENTS.md" />
  </ItemGroup>
  <ItemGroup>
    <ClCompile Include="main.cpp" />
    <ClCompile Include="Externals\imgui\imgui.cpp">
      <Filter>externals\imgui</Filter>
    </ClCompile>
    <ClCompile Include="Externals\imgui\imgui_demo.cpp">
      <Filter>externals\imgui</Filter>
    </ClCompile>
    <ClCompile Include="Externals\imgui\imgui_draw.cpp">
      <Filter>externals\imgui</Filter>
    </ClCompile>
    <ClCompile Include="Externals\imgui\imgui_impl_dx12.cpp">
      <Filter>externals\imgui</Filter>
    </ClCompile>
    <ClCompile Include="Externals\imgui\imgui_impl_win32.cpp">
      <Filter>externals\imgui</Filter>
    </ClCompile>
    <ClCompile Include="Externals\imgui\imgui_tables.cpp">
      <Filter>externals\imgui</Filter>
    </ClCompile>
    <ClCompile Include="Externals\imgui\imgui_widgets.cpp">
      <Filter>externals\imgui</Filter>
    </ClCompile>
    <ClCompile Include="Externals\imgui\ImGuizmo\GraphEditor.cpp">
      <Filter>externals\imgui\ImGuizmo</Filter>
    </ClCompile>
    <ClCompile Include="Externals\imgui\ImGuizmo\ImCurveEdit.cpp">
      <Filter>externals\imgui\ImGuizmo</Filter>
    </ClCompile>
    <ClCompile Include="Externals\imgui\ImGuizmo\ImGradient.cpp">
      <Filter>externals\imgui\ImGuizmo</Filter>
    </ClCompile>
    <ClCompile Include="Externals\imgui\ImGuizmo\ImGuizmo.cpp">
      <Filter>externals\imgui\ImGuizmo</Filter>
    </ClCompile>
    <ClCompile Include="Externals\imgui\ImGuizmo\ImSequencer.cpp">
      <Filter>externals\imgui\ImGuizmo</Filter>
    </ClCompile>
    <ClCompile Include="Externals\imgui\ImGuizmo\ImVectorEditor.cpp">
      <Filter>externals\imgui\ImGuizmo</Filter>
    </ClCompile>
    <ClCompile Include="GameEngine\pch.cpp">
      <Filter>GameEngine</Filter>
    </ClCompile>
    <ClCompile Include="GameEngine\Collision\Collision.cpp">
      <Filter>GameEngine\Collision</Filter>
    </ClCompile>
    <ClCompile Include="GameEngine\Core\Asset\AnimationAssetManager.cpp">
      <Filter>GameEngine\Core\Asset</Filter>
    </ClCompile>
    <ClCompile Include="GameEngine\Core\Asset\AssetManager.cpp">
      <Filter>GameEngine\Core\Asset</Filter>
    </ClCompile>
    <ClCompile Include="GameEngine\Core\Asset\MaterialManager.cpp">
      <Filter>GameEngine\Core\Asset</Filter>
    </ClCompile>
    <ClCompile Include="GameEngine\Core\Asset\ModelAssetManager.cpp">
      <Filter>GameEngine\Core\Asset</Filter>
    </ClCompile>
    <ClCompile Include="GameEngine\Core\Asset\SoundManager.cpp">
      <Filter>GameEngine\Core\Asset</Filter>
    </ClCompile>
    <ClCompile Include="GameEngine\Core\Asset\TextureManager.cpp">
      <Filter>GameEngine\Core\Asset</Filter>
    </ClCompile>
    <ClCompile Include="GameEngine\Core\Audio\Audio.cpp">
      <Filter>GameEngine\Core\Audio</Filter>
    </ClCompile>
    <ClCompile Include="GameEngine\Core\Audio\Sound.cpp">
      <Filter>GameEngine\Core\Audio</Filter>
    </ClCompile>
    <ClCompile Include="GameEngine\Core\Graphics\GraphicsDevice.cpp">
      <Filter>GameEngine\Core\Graphics</Filter>
    </ClCompile>
    <ClCompile Include="GameEngine\Core\Graphics\Line.cpp">
      <Filter>GameEngine\Core\Graphics</Filter>
    </ClCompile>
    <ClCompile Include="GameEngine\Core\Graphics\Material.cpp">
      <Filter>GameEngine\Core\Graphics</Filter>
    </ClCompile>
    <ClCompile Include="GameEngine\Core\Graphics\Mesh.cpp">
      <Filter>GameEngine\Core\Graphics</Filter>
    </ClCompile>
    <ClCompile Include="GameEngine\Core\Graphics\OffscreenRenderTarget.cpp">
      <Filter>GameEngine\Core\Graphics</Filter>
    </ClCompile>
    <ClCompile Include="GameEngine\Core\Graphics\PipelineState.cpp">
      <Filter>GameEngine\Core\Graphics</Filter>
    </ClCompile>
    <ClCompile Include="GameEngine\Core\Graphics\ResourceHelper.cpp">
      <Filter>GameEngine\Core\Graphics</Filter>
    </ClCompile>
    <ClCompile Include="GameEngine\Core\Graphics\RootSignature.cpp">
      <Filter>GameEngine\Core\Graphics</Filter>
    </ClCompile>
    <ClCompile Include="GameEngine\Core\Graphics\ShaderCompiler.cpp">
      <Filter>GameEngine\Core\Graphics</Filter>
    </ClCompile>
    <ClCompile Include="GameEngine\Core\Graphics\Texture.cpp">
      <Filter>GameEngine\Core\Graphics</Filter>
    </ClCompile>
    <ClCompile Include="GameEngine\Core\Graphics\TransformationMatrix.cpp">
      <Filter>GameEngine\Core\Graphics</Filter>
    </ClCompile>
    <ClCompile Include="GameEngine\Core\Input\Input.cpp">
      <Filter>GameEngine\Core\Input</Filter>
    </ClCompile>
    <ClCompile Include="GameEngine\Core\Input\KeyConfig.cpp">
      <Filter>GameEngine\Core\Input</Filter>
    </ClCompile>
    <ClCompile Include="GameEngine\Core\Renderer\DrawCommand.cpp">
      <Filter>GameEngine\Core\Renderer</Filter>
    </ClCompile>
    <ClCompile Include="GameEngine\Core\Renderer\RenderBootstrapper.cpp">
      <Filter>GameEngine\Core\Renderer</Filter>
    </ClCompile>
    <ClCompile Include="GameEngine\Core\Renderer\Renderer.cpp">
      <Filter>GameEngine\Core\Renderer</Filter>
    </ClCompile>
    <ClCompile Include="GameEngine\Editor\Renderer\RendererEditorController.cpp">
      <Filter>GameEngine\Editor\Renderer</Filter>
    </ClCompile>
    <ClCompile Include="GameEngine\Editor\EditorAssetRegistry.cpp">
      <Filter>GameEngine\Editor</Filter>
    </ClCompile>
    <ClCompile Include="GameEngine\Editor\EditorCommand.cpp">
      <Filter>GameEngine\Editor</Filter>
    </ClCompile>
    <ClCompile Include="GameEngine\Editor\EditorObjectStore.cpp">
      <Filter>GameEngine\Editor</Filter>
    </ClCompile>
    <ClCompile Include="GameEngine\Editor\EditorSceneContext.cpp">
      <Filter>GameEngine\Editor</Filter>
    </ClCompile>
    <ClCompile Include="GameEngine\Core\Renderer\Light\LightDataBuffer.cpp">
      <Filter>GameEngine\Core\Renderer\Light</Filter>
    </ClCompile>
    <ClCompile Include="GameEngine\Core\Renderer\Light\LightManager.cpp">
      <Filter>GameEngine\Core\Renderer\Light</Filter>
    </ClCompile>
    <ClCompile Include="GameEngine\Core\Renderer\Pass\CommandDispatch.cpp">
      <Filter>GameEngine\Core\Renderer\Pass</Filter>
    </ClCompile>
    <ClCompile Include="GameEngine\Core\Renderer\Pass\LineRenderer.cpp">
      <Filter>GameEngine\Core\Renderer\Pass</Filter>
    </ClCompile>
    <ClCompile Include="GameEngine\Core\Renderer\Pass\ModelRenderer.cpp">
      <Filter>GameEngine\Core\Renderer\Pass</Filter>
    </ClCompile>
    <ClCompile Include="GameEngine\Core\Renderer\Pass\OpaquePass.cpp">
      <Filter>GameEngine\Core\Renderer\Pass</Filter>
    </ClCompile>
    <ClCompile Include="GameEngine\Core\Renderer\Pass\ParticleRenderer.cpp">
      <Filter>GameEngine\Core\Renderer\Pass</Filter>
    </ClCompile>
    <ClCompile Include="GameEngine\Core\Renderer\Pass\PostEffectPass.cpp">
      <Filter>GameEngine\Core\Renderer\Pass</Filter>
    </ClCompile>
    <ClCompile Include="GameEngine\Core\Renderer\Pass\SpriteRenderer.cpp">
      <Filter>GameEngine\Core\Renderer\Pass</Filter>
    </ClCompile>
    <ClCompile Include="GameEngine\Core\Renderer\Pass\TransparentPass.cpp">
      <Filter>GameEngine\Core\Renderer\Pass</Filter>
    </ClCompile>
    <ClCompile Include="GameEngine\Core\Renderer\Pass\UIRenderer.cpp">
      <Filter>GameEngine\Core\Renderer\Pass</Filter>
    </ClCompile>
    <ClCompile Include="GameEngine\Core\Renderer\Pipeline\BindingLayoutResolver.cpp">
      <Filter>GameEngine\Core\Renderer\Pipeline</Filter>
    </ClCompile>
    <ClCompile Include="GameEngine\Core\Renderer\Pipeline\PipelineDefinitionLoader.cpp">
      <Filter>GameEngine\Core\Renderer\Pipeline</Filter>
    </ClCompile>
    <ClCompile Include="GameEngine\Core\Renderer\Pipeline\PipelineLibrary.cpp">
      <Filter>GameEngine\Core\Renderer\Pipeline</Filter>
    </ClCompile>
    <ClCompile Include="GameEngine\Core\Renderer\Pipeline\PSOManager.cpp">
      <Filter>GameEngine\Core\Renderer\Pipeline</Filter>
    </ClCompile>
    <ClCompile Include="GameEngine\Core\Renderer\Pipeline\ReflectionValidationCoordinator.cpp">
      <Filter>GameEngine\Core\Renderer\Pipeline</Filter>
    </ClCompile>
    <ClCompile Include="GameEngine\Core\Renderer\Pipeline\ShaderManager.cpp">
      <Filter>GameEngine\Core\Renderer\Pipeline</Filter>
    </ClCompile>
    <ClCompile Include="GameEngine\Core\Renderer\PostProcess\AntiAliasing.cpp">
      <Filter>GameEngine\Core\Renderer\PostProcess</Filter>
    </ClCompile>
    <ClCompile Include="GameEngine\Core\Renderer\PostProcess\Bloom.cpp">
      <Filter>GameEngine\Core\Renderer\PostProcess</Filter>
    </ClCompile>
    <ClCompile Include="GameEngine\Core\Renderer\PostProcess\BoxFilter.cpp">
      <Filter>GameEngine\Core\Renderer\PostProcess</Filter>
    </ClCompile>
    <ClCompile Include="GameEngine\Core\Renderer\PostProcess\ChromaticAberration.cpp">
      <Filter>GameEngine\Core\Renderer\PostProcess</Filter>
    </ClCompile>
    <ClCompile Include="GameEngine\Core\Renderer\PostProcess\Dissolve.cpp">
      <Filter>GameEngine\Core\Renderer\PostProcess</Filter>
    </ClCompile>
    <ClCompile Include="GameEngine\Core\Renderer\PostProcess\EffectFactoryRegistry.cpp">
      <Filter>GameEngine\Core\Renderer\PostProcess</Filter>
    </ClCompile>
    <ClCompile Include="GameEngine\Core\Renderer\PostProcess\GaussFilter.cpp">
      <Filter>GameEngine\Core\Renderer\PostProcess</Filter>
    </ClCompile>
    <ClCompile Include="GameEngine\Core\Renderer\PostProcess\Grayscale.cpp">
      <Filter>GameEngine\Core\Renderer\PostProcess</Filter>
    </ClCompile>
    <ClCompile Include="GameEngine\Core\Renderer\PostProcess\LinearToSRGB.cpp">
      <Filter>GameEngine\Core\Renderer\PostProcess</Filter>
    </ClCompile>
    <ClCompile Include="GameEngine\Core\Renderer\PostProcess\Outline.cpp">
      <Filter>GameEngine\Core\Renderer\PostProcess</Filter>
    </ClCompile>
    <ClCompile Include="GameEngine\Core\Renderer\PostProcess\Pixelation.cpp">
      <Filter>GameEngine\Core\Renderer\PostProcess</Filter>
    </ClCompile>
    <ClCompile Include="GameEngine\Core\Renderer\PostProcess\PostProcess.cpp">
      <Filter>GameEngine\Core\Renderer\PostProcess</Filter>
    </ClCompile>
    <ClCompile Include="GameEngine\Core\Renderer\PostProcess\PostProcessManager.cpp">
      <Filter>GameEngine\Core\Renderer\PostProcess</Filter>
    </ClCompile>
    <ClCompile Include="GameEngine\Core\Renderer\PostProcess\RadialBlur.cpp">
      <Filter>GameEngine\Core\Renderer\PostProcess</Filter>
    </ClCompile>
    <ClCompile Include="GameEngine\Core\Renderer\PostProcess\ShockWave.cpp">
      <Filter>GameEngine\Core\Renderer\PostProcess</Filter>
    </ClCompile>
    <ClCompile Include="GameEngine\Core\Renderer\PostProcess\SpeedLine.cpp">
      <Filter>GameEngine\Core\Renderer\PostProcess</Filter>
    </ClCompile>
    <ClCompile Include="GameEngine\Core\Renderer\PostProcess\Vignette.cpp">
      <Filter>GameEngine\Core\Renderer\PostProcess</Filter>
    </ClCompile>
    <ClCompile Include="GameEngine\Core\TimeProfiler\TimeProfiler.cpp">
      <Filter>GameEngine\Core\TimeProfiler</Filter>
    </ClCompile>
    <ClCompile Include="GameEngine\Core\UI\ImGuiManager.cpp">
      <Filter>GameEngine\Core\UI</Filter>
    </ClCompile>
    <ClCompile Include="GameEngine\Core\Window\Window.cpp">
      <Filter>GameEngine\Core\Window</Filter>
    </ClCompile>
    <ClCompile Include="GameEngine\Effect\ParticleMaterial.cpp">
      <Filter>GameEngine\Effect</Filter>
    </ClCompile>
    <ClCompile Include="GameEngine\Effect\ParticleSystem.cpp">
      <Filter>GameEngine\Effect</Filter>
    </ClCompile>
    <ClCompile Include="GameEngine\Editor\Particle\ParticleSystemEditor.cpp">
      <Filter>GameEngine\Editor\Particle</Filter>
    </ClCompile>
    <ClCompile Include="GameEngine\Effect\Module\ColorOverLifetimeModule.cpp">
      <Filter>GameEngine\Effect\Module</Filter>
    </ClCompile>
    <ClCompile Include="GameEngine\Effect\Module\EmissionModule.cpp">
      <Filter>GameEngine\Effect\Module</Filter>
    </ClCompile>
    <ClCompile Include="GameEngine\Effect\Module\ForceOverLifetimeModule.cpp">
      <Filter>GameEngine\Effect\Module</Filter>
    </ClCompile>
    <ClCompile Include="GameEngine\Effect\Module\LifetimeModules.cpp">
      <Filter>GameEngine\Effect\Module</Filter>
    </ClCompile>
    <ClCompile Include="GameEngine\Effect\Module\LimitVelocityOverLifetimeModule.cpp">
      <Filter>GameEngine\Effect\Module</Filter>
    </ClCompile>
    <ClCompile Include="GameEngine\Effect\Module\MainModule.cpp">
      <Filter>GameEngine\Effect\Module</Filter>
    </ClCompile>
    <ClCompile Include="GameEngine\Effect\Module\NoiseModule.cpp">
      <Filter>GameEngine\Effect\Module</Filter>
    </ClCompile>
    <ClCompile Include="GameEngine\Effect\Module\ParticleModuleInspectors.cpp">
      <Filter>GameEngine\Effect\Module</Filter>
    </ClCompile>
    <ClCompile Include="GameEngine\Effect\Module\RendererModule.cpp">
      <Filter>GameEngine\Effect\Module</Filter>
    </ClCompile>
    <ClCompile Include="GameEngine\Effect\Module\RotationOverLifetimeModule.cpp">
      <Filter>GameEngine\Effect\Module</Filter>
    </ClCompile>
    <ClCompile Include="GameEngine\Effect\Module\ShapeModule.cpp">
      <Filter>GameEngine\Effect\Module</Filter>
    </ClCompile>
    <ClCompile Include="GameEngine\Effect\Module\SizeOverLifetimeModule.cpp">
      <Filter>GameEngine\Effect\Module</Filter>
    </ClCompile>
    <ClCompile Include="GameEngine\Effect\Module\TextureSheetAnimationModule.cpp">
      <Filter>GameEngine\Effect\Module</Filter>
    </ClCompile>
    <ClCompile Include="GameEngine\Effect\Module\UVTransformModule.cpp">
      <Filter>GameEngine\Effect\Module</Filter>
    </ClCompile>
    <ClCompile Include="GameEngine\Effect\Module\VelocityOverLifetimeModule.cpp">
      <Filter>GameEngine\Effect\Module</Filter>
    </ClCompile>
    <ClCompile Include="GameEngine\Framework\EngineContext.cpp">
      <Filter>GameEngine\Framework</Filter>
    </ClCompile>
    <ClCompile Include="GameEngine\Framework\Framework.cpp">
      <Filter>GameEngine\Framework</Filter>
    </ClCompile>
    <ClCompile Include="GameEngine\Object\Object.cpp">
      <Filter>GameEngine\Object</Filter>
    </ClCompile>
    <ClCompile Include="GameEngine\Object\Component\AnimationComponent.cpp">
      <Filter>GameEngine\Object\Component</Filter>
    </ClCompile>
    <ClCompile Include="GameEngine\Object\Component\ComponentContainer.cpp">
      <Filter>GameEngine\Object\Component</Filter>
    </ClCompile>
    <ClCompile Include="GameEngine\Object\Component\MaterialComponent.cpp">
      <Filter>GameEngine\Object\Component</Filter>
    </ClCompile>
    <ClCompile Include="GameEngine\Object\Component\ModelAssetComponent.cpp">
      <Filter>GameEngine\Object\Component</Filter>
    </ClCompile>
    <ClCompile Include="GameEngine\Object\Component\ObjectNameComponent.cpp">
      <Filter>GameEngine\Object\Component</Filter>
    </ClCompile>
    <ClCompile Include="GameEngine\Object\Component\ParticleEmitterComponent.cpp">
      <Filter>GameEngine\Object\Component</Filter>
    </ClCompile>
    <ClCompile Include="GameEngine\Object\Component\RenderComponent.cpp">
      <Filter>GameEngine\Object\Component</Filter>
    </ClCompile>
    <ClCompile Include="GameEngine\Object\Component\TransformComponent.cpp">
      <Filter>GameEngine\Object\Component</Filter>
    </ClCompile>
    <ClCompile Include="GameEngine\Object\Model\AnimationAsset.cpp">
      <Filter>GameEngine\Object\Model</Filter>
    </ClCompile>
    <ClCompile Include="GameEngine\Object\Model\Model.cpp">
      <Filter>GameEngine\Object\Model</Filter>
    </ClCompile>
    <ClCompile Include="GameEngine\Object\Model\ModelAsset.cpp">
      <Filter>GameEngine\Object\Model</Filter>
    </ClCompile>
    <ClCompile Include="GameEngine\Object\Skybox\Skybox.cpp">
      <Filter>GameEngine\Object\Skybox</Filter>
    </ClCompile>
    <ClCompile Include="GameEngine\Object\Sprite\Sprite.cpp">
      <Filter>GameEngine\Object\Sprite</Filter>
    </ClCompile>
    <ClCompile Include="GameEngine\Scene\BaseScene.cpp">
      <Filter>GameEngine\Scene</Filter>
    </ClCompile>
    <ClCompile Include="GameEngine\Scene\SceneManager.cpp">
      <Filter>GameEngine\Scene</Filter>
    </ClCompile>
    <ClCompile Include="GameEngine\Scene\Camera\Camera.cpp">
      <Filter>GameEngine\Scene\Camera</Filter>
    </ClCompile>
    <ClCompile Include="GameEngine\Scene\Camera\CameraManager.cpp">
      <Filter>GameEngine\Scene\Camera</Filter>
    </ClCompile>
    <ClCompile Include="GameEngine\Scene\Camera\DebugCamera.cpp">
      <Filter>GameEngine\Scene\Camera</Filter>
    </ClCompile>
    <ClCompile Include="GameEngine\Scene\Camera\Components\FollowBody.cpp">
      <Filter>GameEngine\Scene\Camera\Components</Filter>
    </ClCompile>
    <ClCompile Include="GameEngine\Scene\Camera\Components\LookAtAim.cpp">
      <Filter>GameEngine\Scene\Camera\Components</Filter>
    </ClCompile>
    <ClCompile Include="GameEngine\Scene\Camera\Components\OrbitalBody.cpp">
      <Filter>GameEngine\Scene\Camera\Components</Filter>
    </ClCompile>
    <ClCompile Include="GameEngine\Scene\Camera\Components\PerlinNoise.cpp">
      <Filter>GameEngine\Scene\Camera\Components</Filter>
    </ClCompile>
    <ClCompile Include="GameEngine\Scene\Camera\Core\CinemachineBrain.cpp">
      <Filter>GameEngine\Scene\Camera\Core</Filter>
    </ClCompile>
    <ClCompile Include="GameEngine\Scene\Camera\Core\VirtualCamera.cpp">
      <Filter>GameEngine\Scene\Camera\Core</Filter>
    </ClCompile>
    <ClCompile Include="GameEngine\Editor\Camera\CameraEditor.cpp">
      <Filter>GameEngine\Editor\Camera</Filter>
    </ClCompile>
    <ClCompile Include="GameEngine\Editor\Camera\CameraGizmo.cpp">
      <Filter>GameEngine\Editor\Camera</Filter>
    </ClCompile>
    <ClCompile Include="GameEngine\Scene\Light\AreaLight.cpp">
      <Filter>GameEngine\Scene\Light</Filter>
    </ClCompile>
    <ClCompile Include="GameEngine\Scene\Light\DirectionalLight.cpp">
      <Filter>GameEngine\Scene\Light</Filter>
    </ClCompile>
    <ClCompile Include="GameEngine\Scene\Light\PointLight.cpp">
      <Filter>GameEngine\Scene\Light</Filter>
    </ClCompile>
    <ClCompile Include="GameEngine\Scene\Light\SpotLight.cpp">
      <Filter>GameEngine\Scene\Light</Filter>
    </ClCompile>
    <ClCompile Include="GameEngine\Utility\ImGuiHelper.cpp">
      <Filter>GameEngine\Utility</Filter>
    </ClCompile>
    <ClCompile Include="GameEngine\Utility\JsonDataManager.cpp">
      <Filter>GameEngine\Utility</Filter>
    </ClCompile>
    <ClCompile Include="GameEngine\Utility\Logger.cpp">
      <Filter>GameEngine\Utility</Filter>
    </ClCompile>
    <ClCompile Include="GameEngine\Utility\StateMachine.cpp">
      <Filter>GameEngine\Utility</Filter>
    </ClCompile>
    <ClCompile Include="GameEngine\Utility\TimerSystem.cpp">
      <Filter>GameEngine\Utility</Filter>
    </ClCompile>
    <ClCompile Include="GameEngine\Utility\Math\Quaternion.cpp">
      <Filter>GameEngine\Utility\Math</Filter>
    </ClCompile>
    <ClCompile Include="GameEngine\Utility\MathUtils\ColorUtils.cpp">
      <Filter>GameEngine\Utility\MathUtils</Filter>
    </ClCompile>
    <ClCompile Include="GameEngine\Utility\MathUtils\EasingFunctions.cpp">
      <Filter>GameEngine\Utility\MathUtils</Filter>
    </ClCompile>
    <ClCompile Include="GameEngine\Utility\MathUtils\MatrixOperations.cpp">
      <Filter>GameEngine\Utility\MathUtils</Filter>
    </ClCompile>
    <ClCompile Include="GameEngine\Utility\MathUtils\QuaternionOperations.cpp">
      <Filter>GameEngine\Utility\MathUtils</Filter>
    </ClCompile>
    <ClCompile Include="GameEngine\Utility\MathUtils\SplineUtils.cpp">
      <Filter>GameEngine\Utility\MathUtils</Filter>
    </ClCompile>
    <ClCompile Include="GameEngine\Utility\MathUtils\VectorOperations.cpp">
      <Filter>GameEngine\Utility\MathUtils</Filter>
    </ClCompile>
    <ClCompile Include="GameProject\Game.cpp">
      <Filter>GameProject</Filter>
    </ClCompile>
    <ClCompile Include="GameProject\App\Component\AppComponentRegistry.cpp">
      <Filter>GameProject\App\Component</Filter>
    </ClCompile>
    <ClCompile Include="GameProject\App\Component\Camera\CameraGravityBridge.cpp">
      <Filter>GameProject\App\Component\Camera</Filter>
    </ClCompile>
    <ClCompile Include="GameProject\App\Component\Camera\GravityFollowCamera.cpp">
      <Filter>GameProject\App\Component\Camera</Filter>
    </ClCompile>
    <ClCompile Include="GameProject\App\Component\Camera\PlanetLeashCamera.cpp">
      <Filter>GameProject\App\Component\Camera</Filter>
    </ClCompile>
    <ClCompile Include="GameProject\App\Component\Camera\PlayerRearFollowCamera.cpp">
      <Filter>GameProject\App\Component\Camera</Filter>
    </ClCompile>
    <ClCompile Include="GameProject\App\Component\Camera\ScreenSpaceBasis.cpp">
      <Filter>GameProject\App\Component\Camera</Filter>
    </ClCompile>
    <ClCompile Include="GameProject\App\Component\Character\CharacterController.cpp">
      <Filter>GameProject\App\Component\Character</Filter>
    </ClCompile>
    <ClCompile Include="GameProject\App\Component\Character\CharacterJump.cpp">
      <Filter>GameProject\App\Component\Character</Filter>
    </ClCompile>
    <ClCompile Include="GameProject\App\Component\Character\CharacterLanding.cpp">
      <Filter>GameProject\App\Component\Character</Filter>
    </ClCompile>
    <ClCompile Include="GameProject\App\Component\Character\CharacterWalker.cpp">
      <Filter>GameProject\App\Component\Character</Filter>
    </ClCompile>
    <ClCompile Include="GameProject\App\Component\Gravity\GravityAttractorLink.cpp">
      <Filter>GameProject\App\Component\Gravity</Filter>
    </ClCompile>
    <ClCompile Include="GameProject\App\Component\Gravity\GravityBody.cpp">
      <Filter>GameProject\App\Component\Gravity</Filter>
    </ClCompile>
    <ClCompile Include="GameProject\App\Component\Gravity\MeshNormalGravityAttractor.cpp">
      <Filter>GameProject\App\Component\Gravity</Filter>
    </ClCompile>
    <ClCompile Include="GameProject\App\Component\Gravity\PlanetSwitcher.cpp">
      <Filter>GameProject\App\Component\Gravity</Filter>
    </ClCompile>
    <ClCompile Include="GameProject\App\Component\Gravity\SphericalGravityAttractor.cpp">
      <Filter>GameProject\App\Component\Gravity</Filter>
    </ClCompile>
    <ClCompile Include="GameProject\App\Component\Vehicle\VehicleAirController.cpp">
      <Filter>GameProject\App\Component\Vehicle</Filter>
    </ClCompile>
    <ClCompile Include="GameProject\App\Component\Vehicle\VehicleController.cpp">
      <Filter>GameProject\App\Component\Vehicle</Filter>
    </ClCompile>
    <ClCompile Include="GameProject\App\Component\Vehicle\VehicleDrift.cpp">
      <Filter>GameProject\App\Component\Vehicle</Filter>
    </ClCompile>
    <ClCompile Include="GameProject\App\Component\Vehicle\VehicleGroundMover.cpp">
      <Filter>GameProject\App\Component\Vehicle</Filter>
    </ClCompile>
    <ClCompile Include="GameProject\App\Component\Vehicle\VehicleLandingAligner.cpp">
      <Filter>GameProject\App\Component\Vehicle</Filter>
    </ClCompile>
    <ClCompile Include="GameProject\App\Component\Vehicle\VehicleLandingBoost.cpp">
      <Filter>GameProject\App\Component\Vehicle</Filter>
    </ClCompile>
    <ClCompile Include="GameProject\App\Component\Vehicle\VehicleMover.cpp">
      <Filter>GameProject\App\Component\Vehicle</Filter>
    </ClCompile>
    <ClCompile Include="GameProject\App\Component\Vehicle\VehicleSpeedPostEffectController.cpp">
      <Filter>GameProject\App\Component\Vehicle</Filter>
    </ClCompile>
    <ClCompile Include="GameProject\App\Scene\EngineTestScene.cpp">
      <Filter>GameProject\App\Scene</Filter>
    </ClCompile>
    <ClCompile Include="GameProject\App\Scene\GameTestScene.cpp">
      <Filter>GameProject\App\Scene</Filter>
    </ClCompile>
    <ClCompile Include="GameProject\App\Scene\MySceneFactory.cpp">
      <Filter>GameProject\App\Scene</Filter>
    </ClCompile>
    <ClCompile Include="GameProject\App\Component\Gravity\GravityAttractor.cpp" />
    <ClCompile Include="GameEngine\Object\Component\IObjectComponent.cpp" />
    <ClCompile Include="GameEngine\Object\Component\ComponentRegistry.cpp" />
  </ItemGroup>
  <ItemGroup>
    <ClInclude Include="Externals\imgui\imconfig.h">
      <Filter>externals\imgui</Filter>
    </ClInclude>
    <ClInclude Include="Externals\imgui\imgui.h">
      <Filter>externals\imgui</Filter>
    </ClInclude>
    <ClInclude Include="Externals\imgui\imgui_impl_dx12.h">
      <Filter>externals\imgui</Filter>
    </ClInclude>
    <ClInclude Include="Externals\imgui\imgui_impl_win32.h">
      <Filter>externals\imgui</Filter>
    </ClInclude>
    <ClInclude Include="Externals\imgui\imgui_internal.h">
      <Filter>externals\imgui</Filter>
    </ClInclude>
    <ClInclude Include="Externals\imgui\imstb_rectpack.h">
      <Filter>externals\imgui</Filter>
    </ClInclude>
    <ClInclude Include="Externals\imgui\imstb_textedit.h">
      <Filter>externals\imgui</Filter>
    </ClInclude>
    <ClInclude Include="Externals\imgui\imstb_truetype.h">
      <Filter>externals\imgui</Filter>
    </ClInclude>
    <ClInclude Include="Externals\imgui\ImGuizmo\GraphEditor.h">
      <Filter>externals\imgui\ImGuizmo</Filter>
    </ClInclude>
    <ClInclude Include="Externals\imgui\ImGuizmo\ImCurveEdit.h">
      <Filter>externals\imgui\ImGuizmo</Filter>
    </ClInclude>
    <ClInclude Include="Externals\imgui\ImGuizmo\ImGradient.h">
      <Filter>externals\imgui\ImGuizmo</Filter>
    </ClInclude>
    <ClInclude Include="Externals\imgui\ImGuizmo\ImGuizmo.h">
      <Filter>externals\imgui\ImGuizmo</Filter>
    </ClInclude>
    <ClInclude Include="Externals\imgui\ImGuizmo\ImLightRig.h">
      <Filter>externals\imgui\ImGuizmo</Filter>
    </ClInclude>
    <ClInclude Include="Externals\imgui\ImGuizmo\ImSequencer.h">
      <Filter>externals\imgui\ImGuizmo</Filter>
    </ClInclude>
    <ClInclude Include="Externals\imgui\ImGuizmo\ImVectorEditor.h">
      <Filter>externals\imgui\ImGuizmo</Filter>
    </ClInclude>
    <ClInclude Include="Externals\imgui\ImGuizmo\ImZoomSlider.h">
      <Filter>externals\imgui\ImGuizmo</Filter>
    </ClInclude>
    <ClInclude Include="Externals\nlohmann\json.hpp">
      <Filter>externals\nlohmann</Filter>
    </ClInclude>
    <ClInclude Include="Externals\nlohmann\json_fwd.hpp">
      <Filter>externals\nlohmann</Filter>
    </ClInclude>
    <ClInclude Include="GameEngine\pch.h">
      <Filter>GameEngine</Filter>
    </ClInclude>
    <ClInclude Include="GameEngine\Collision\Collider.h">
      <Filter>GameEngine\Collision</Filter>
    </ClInclude>
    <ClInclude Include="GameEngine\Collision\Collision.h">
      <Filter>GameEngine\Collision</Filter>
    </ClInclude>
    <ClInclude Include="GameEngine\Core\Asset\AnimationAssetManager.h">
      <Filter>GameEngine\Core\Asset</Filter>
    </ClInclude>
    <ClInclude Include="GameEngine\Core\Asset\AssetManager.h">
      <Filter>GameEngine\Core\Asset</Filter>
    </ClInclude>
    <ClInclude Include="GameEngine\Core\Asset\MaterialManager.h">
      <Filter>GameEngine\Core\Asset</Filter>
    </ClInclude>
    <ClInclude Include="GameEngine\Core\Asset\ModelAssetManager.h">
      <Filter>GameEngine\Core\Asset</Filter>
    </ClInclude>
    <ClInclude Include="GameEngine\Core\Asset\SoundManager.h">
      <Filter>GameEngine\Core\Asset</Filter>
    </ClInclude>
    <ClInclude Include="GameEngine\Core\Asset\TextureManager.h">
      <Filter>GameEngine\Core\Asset</Filter>
    </ClInclude>
    <ClInclude Include="GameEngine\Core\Audio\Audio.h">
      <Filter>GameEngine\Core\Audio</Filter>
    </ClInclude>
    <ClInclude Include="GameEngine\Core\Audio\Sound.h">
      <Filter>GameEngine\Core\Audio</Filter>
    </ClInclude>
    <ClInclude Include="GameEngine\Core\Graphics\GraphicsDevice.h">
      <Filter>GameEngine\Core\Graphics</Filter>
    </ClInclude>
    <ClInclude Include="GameEngine\Core\Graphics\IMaterialData.h">
      <Filter>GameEngine\Core\Graphics</Filter>
    </ClInclude>
    <ClInclude Include="GameEngine\Core\Graphics\Line.h">
      <Filter>GameEngine\Core\Graphics</Filter>
    </ClInclude>
    <ClInclude Include="GameEngine\Core\Graphics\Material.h">
      <Filter>GameEngine\Core\Graphics</Filter>
    </ClInclude>
    <ClInclude Include="GameEngine\Core\Graphics\Mesh.h">
      <Filter>GameEngine\Core\Graphics</Filter>
    </ClInclude>
    <ClInclude Include="GameEngine\Core\Graphics\OffscreenRenderTarget.h">
      <Filter>GameEngine\Core\Graphics</Filter>
    </ClInclude>
    <ClInclude Include="GameEngine\Core\Graphics\PipelineState.h">
      <Filter>GameEngine\Core\Graphics</Filter>
    </ClInclude>
    <ClInclude Include="GameEngine\Core\Graphics\ResourceHelper.h">
      <Filter>GameEngine\Core\Graphics</Filter>
    </ClInclude>
    <ClInclude Include="GameEngine\Core\Graphics\RootSignature.h">
      <Filter>GameEngine\Core\Graphics</Filter>
    </ClInclude>
    <ClInclude Include="GameEngine\Core\Graphics\ShaderCompiler.h">
      <Filter>GameEngine\Core\Graphics</Filter>
    </ClInclude>
    <ClInclude Include="GameEngine\Core\Graphics\Texture.h">
      <Filter>GameEngine\Core\Graphics</Filter>
    </ClInclude>
    <ClInclude Include="GameEngine\Core\Graphics\TransformationMatrix.h">
      <Filter>GameEngine\Core\Graphics</Filter>
    </ClInclude>
    <ClInclude Include="GameEngine\Core\Input\Input.h">
      <Filter>GameEngine\Core\Input</Filter>
    </ClInclude>
    <ClInclude Include="GameEngine\Core\Input\KeyConfig.h">
      <Filter>GameEngine\Core\Input</Filter>
    </ClInclude>
    <ClInclude Include="GameEngine\Core\Renderer\DrawCommand.h">
      <Filter>GameEngine\Core\Renderer</Filter>
    </ClInclude>
    <ClInclude Include="GameEngine\Core\Renderer\RenderBootstrapper.h">
      <Filter>GameEngine\Core\Renderer</Filter>
    </ClInclude>
    <ClInclude Include="GameEngine\Core\Renderer\Renderer.h">
      <Filter>GameEngine\Core\Renderer</Filter>
    </ClInclude>
    <ClInclude Include="GameEngine\Editor\Renderer\RendererEditorController.h">
      <Filter>GameEngine\Editor\Renderer</Filter>
    </ClInclude>
    <ClInclude Include="GameEngine\Editor\EditorAssetRegistry.h">
      <Filter>GameEngine\Editor</Filter>
    </ClInclude>
    <ClInclude Include="GameEngine\Editor\EditorCommand.h">
      <Filter>GameEngine\Editor</Filter>
    </ClInclude>
    <ClInclude Include="GameEngine\Editor\EditorObjectStore.h">
      <Filter>GameEngine\Editor</Filter>
    </ClInclude>
    <ClInclude Include="GameEngine\Editor\EditorSceneContext.h">
      <Filter>GameEngine\Editor</Filter>
    </ClInclude>
    <ClInclude Include="GameEngine\Core\Renderer\Light\LightDataBuffer.h">
      <Filter>GameEngine\Core\Renderer\Light</Filter>
    </ClInclude>
    <ClInclude Include="GameEngine\Core\Renderer\Light\LightManager.h">
      <Filter>GameEngine\Core\Renderer\Light</Filter>
    </ClInclude>
    <ClInclude Include="GameEngine\Core\Renderer\Pass\CommandDispatch.h">
      <Filter>GameEngine\Core\Renderer\Pass</Filter>
    </ClInclude>
    <ClInclude Include="GameEngine\Core\Renderer\Pass\FrameContext.h">
      <Filter>GameEngine\Core\Renderer\Pass</Filter>
    </ClInclude>
    <ClInclude Include="GameEngine\Core\Renderer\Pass\IRenderPass.h">
      <Filter>GameEngine\Core\Renderer\Pass</Filter>
    </ClInclude>
    <ClInclude Include="GameEngine\Core\Renderer\Pass\LineRenderer.h">
      <Filter>GameEngine\Core\Renderer\Pass</Filter>
    </ClInclude>
    <ClInclude Include="GameEngine\Core\Renderer\Pass\ModelRenderer.h">
      <Filter>GameEngine\Core\Renderer\Pass</Filter>
    </ClInclude>
    <ClInclude Include="GameEngine\Core\Renderer\Pass\OpaquePass.h">
      <Filter>GameEngine\Core\Renderer\Pass</Filter>
    </ClInclude>
    <ClInclude Include="GameEngine\Core\Renderer\Pass\ParticleRenderer.h">
      <Filter>GameEngine\Core\Renderer\Pass</Filter>
    </ClInclude>
    <ClInclude Include="GameEngine\Core\Renderer\Pass\PostEffectPass.h">
      <Filter>GameEngine\Core\Renderer\Pass</Filter>
    </ClInclude>
    <ClInclude Include="GameEngine\Core\Renderer\Pass\SpriteRenderer.h">
      <Filter>GameEngine\Core\Renderer\Pass</Filter>
    </ClInclude>
    <ClInclude Include="GameEngine\Core\Renderer\Pass\TransparentPass.h">
      <Filter>GameEngine\Core\Renderer\Pass</Filter>
    </ClInclude>
    <ClInclude Include="GameEngine\Core\Renderer\Pass\UIRenderer.h">
      <Filter>GameEngine\Core\Renderer\Pass</Filter>
    </ClInclude>
    <ClInclude Include="GameEngine\Core\Renderer\Pipeline\BindingLayoutResolver.h">
      <Filter>GameEngine\Core\Renderer\Pipeline</Filter>
    </ClInclude>
    <ClInclude Include="GameEngine\Core\Renderer\Pipeline\PipelineDefinitionLoader.h">
      <Filter>GameEngine\Core\Renderer\Pipeline</Filter>
    </ClInclude>
    <ClInclude Include="GameEngine\Core\Renderer\Pipeline\PipelineDescriptor.h">
      <Filter>GameEngine\Core\Renderer\Pipeline</Filter>
    </ClInclude>
    <ClInclude Include="GameEngine\Core\Renderer\Pipeline\PipelineLibrary.h">
      <Filter>GameEngine\Core\Renderer\Pipeline</Filter>
    </ClInclude>
    <ClInclude Include="GameEngine\Core\Renderer\Pipeline\PSOManager.h">
      <Filter>GameEngine\Core\Renderer\Pipeline</Filter>
    </ClInclude>
    <ClInclude Include="GameEngine\Core\Renderer\Pipeline\ReflectionValidationCoordinator.h">
      <Filter>GameEngine\Core\Renderer\Pipeline</Filter>
    </ClInclude>
    <ClInclude Include="GameEngine\Core\Renderer\Pipeline\ReflectionValidationState.h">
      <Filter>GameEngine\Core\Renderer\Pipeline</Filter>
    </ClInclude>
    <ClInclude Include="GameEngine\Core\Renderer\Pipeline\RootBindingSlots.h">
      <Filter>GameEngine\Core\Renderer\Pipeline</Filter>
    </ClInclude>
    <ClInclude Include="GameEngine\Core\Renderer\Pipeline\ShaderManager.h">
      <Filter>GameEngine\Core\Renderer\Pipeline</Filter>
    </ClInclude>
    <ClInclude Include="GameEngine\Core\Renderer\PostProcess\AntiAliasing.h">
      <Filter>GameEngine\Core\Renderer\PostProcess</Filter>
    </ClInclude>
    <ClInclude Include="GameEngine\Core\Renderer\PostProcess\Bloom.h">
      <Filter>GameEngine\Core\Renderer\PostProcess</Filter>
    </ClInclude>
    <ClInclude Include="GameEngine\Core\Renderer\PostProcess\BoxFilter.h">
      <Filter>GameEngine\Core\Renderer\PostProcess</Filter>
    </ClInclude>
    <ClInclude Include="GameEngine\Core\Renderer\PostProcess\ChromaticAberration.h">
      <Filter>GameEngine\Core\Renderer\PostProcess</Filter>
    </ClInclude>
    <ClInclude Include="GameEngine\Core\Renderer\PostProcess\Dissolve.h">
      <Filter>GameEngine\Core\Renderer\PostProcess</Filter>
    </ClInclude>
    <ClInclude Include="GameEngine\Core\Renderer\PostProcess\EffectFactoryRegistry.h">
      <Filter>GameEngine\Core\Renderer\PostProcess</Filter>
    </ClInclude>
    <ClInclude Include="GameEngine\Core\Renderer\PostProcess\GaussFilter.h">
      <Filter>GameEngine\Core\Renderer\PostProcess</Filter>
    </ClInclude>
    <ClInclude Include="GameEngine\Core\Renderer\PostProcess\Grayscale.h">
      <Filter>GameEngine\Core\Renderer\PostProcess</Filter>
    </ClInclude>
    <ClInclude Include="GameEngine\Core\Renderer\PostProcess\LinearToSRGB.h">
      <Filter>GameEngine\Core\Renderer\PostProcess</Filter>
    </ClInclude>
    <ClInclude Include="GameEngine\Core\Renderer\PostProcess\Outline.h">
      <Filter>GameEngine\Core\Renderer\PostProcess</Filter>
    </ClInclude>
    <ClInclude Include="GameEngine\Core\Renderer\PostProcess\Pixelation.h">
      <Filter>GameEngine\Core\Renderer\PostProcess</Filter>
    </ClInclude>
    <ClInclude Include="GameEngine\Core\Renderer\PostProcess\PostProcess.h">
      <Filter>GameEngine\Core\Renderer\PostProcess</Filter>
    </ClInclude>
    <ClInclude Include="GameEngine\Core\Renderer\PostProcess\PostProcessManager.h">
      <Filter>GameEngine\Core\Renderer\PostProcess</Filter>
    </ClInclude>
    <ClInclude Include="GameEngine\Core\Renderer\PostProcess\RadialBlur.h">
      <Filter>GameEngine\Core\Renderer\PostProcess</Filter>
    </ClInclude>
    <ClInclude Include="GameEngine\Core\Renderer\PostProcess\ShockWave.h">
      <Filter>GameEngine\Core\Renderer\PostProcess</Filter>
    </ClInclude>
    <ClInclude Include="GameEngine\Core\Renderer\PostProcess\SpeedLine.h">
      <Filter>GameEngine\Core\Renderer\PostProcess</Filter>
    </ClInclude>
    <ClInclude Include="GameEngine\Core\Renderer\PostProcess\Vignette.h">
      <Filter>GameEngine\Core\Renderer\PostProcess</Filter>
    </ClInclude>
    <ClInclude Include="GameEngine\Core\TimeProfiler\TimeProfiler.h">
      <Filter>GameEngine\Core\TimeProfiler</Filter>
    </ClInclude>
    <ClInclude Include="GameEngine\Core\UI\ImGuiManager.h">
      <Filter>GameEngine\Core\UI</Filter>
    </ClInclude>
    <ClInclude Include="GameEngine\Core\Window\Window.h">
      <Filter>GameEngine\Core\Window</Filter>
    </ClInclude>
    <ClInclude Include="GameEngine\Effect\Particle.h">
      <Filter>GameEngine\Effect</Filter>
    </ClInclude>
    <ClInclude Include="GameEngine\Effect\ParticleMaterial.h">
      <Filter>GameEngine\Effect</Filter>
    </ClInclude>
    <ClInclude Include="GameEngine\Effect\ParticleSystem.h">
      <Filter>GameEngine\Effect</Filter>
    </ClInclude>
    <ClInclude Include="GameEngine\Editor\Particle\ParticleSystemEditor.h">
      <Filter>GameEngine\Editor\Particle</Filter>
    </ClInclude>
    <ClInclude Include="GameEngine\Effect\Module\ColorOverLifetimeModule.h">
      <Filter>GameEngine\Effect\Module</Filter>
    </ClInclude>
    <ClInclude Include="GameEngine\Effect\Module\EmissionModule.h">
      <Filter>GameEngine\Effect\Module</Filter>
    </ClInclude>
    <ClInclude Include="GameEngine\Effect\Module\ForceOverLifetimeModule.h">
      <Filter>GameEngine\Effect\Module</Filter>
    </ClInclude>
    <ClInclude Include="GameEngine\Effect\Module\LifetimeModules.h">
      <Filter>GameEngine\Effect\Module</Filter>
    </ClInclude>
    <ClInclude Include="GameEngine\Effect\Module\LimitVelocityOverLifetimeModule.h">
      <Filter>GameEngine\Effect\Module</Filter>
    </ClInclude>
    <ClInclude Include="GameEngine\Effect\Module\MainModule.h">
      <Filter>GameEngine\Effect\Module</Filter>
    </ClInclude>
    <ClInclude Include="GameEngine\Effect\Module\NoiseModule.h">
      <Filter>GameEngine\Effect\Module</Filter>
    </ClInclude>
    <ClInclude Include="GameEngine\Effect\Module\ParticleModule.h">
      <Filter>GameEngine\Effect\Module</Filter>
    </ClInclude>
    <ClInclude Include="GameEngine\Effect\Module\RendererModule.h">
      <Filter>GameEngine\Effect\Module</Filter>
    </ClInclude>
    <ClInclude Include="GameEngine\Effect\Module\RotationOverLifetimeModule.h">
      <Filter>GameEngine\Effect\Module</Filter>
    </ClInclude>
    <ClInclude Include="GameEngine\Effect\Module\ShapeModule.h">
      <Filter>GameEngine\Effect\Module</Filter>
    </ClInclude>
    <ClInclude Include="GameEngine\Effect\Module\SizeOverLifetimeModule.h">
      <Filter>GameEngine\Effect\Module</Filter>
    </ClInclude>
    <ClInclude Include="GameEngine\Effect\Module\TextureSheetAnimationModule.h">
      <Filter>GameEngine\Effect\Module</Filter>
    </ClInclude>
    <ClInclude Include="GameEngine\Effect\Module\UVTransformModule.h">
      <Filter>GameEngine\Effect\Module</Filter>
    </ClInclude>
    <ClInclude Include="GameEngine\Effect\Module\VelocityOverLifetimeModule.h">
      <Filter>GameEngine\Effect\Module</Filter>
    </ClInclude>
    <ClInclude Include="GameEngine\Framework\D3DResourceLeakChecker.h">
      <Filter>GameEngine\Framework</Filter>
    </ClInclude>
    <ClInclude Include="GameEngine\Framework\EngineContext.h">
      <Filter>GameEngine\Framework</Filter>
    </ClInclude>
    <ClInclude Include="GameEngine\Framework\ExportDump.h">
      <Filter>GameEngine\Framework</Filter>
    </ClInclude>
    <ClInclude Include="GameEngine\Framework\Framework.h">
      <Filter>GameEngine\Framework</Filter>
    </ClInclude>
    <ClInclude Include="GameEngine\Object\Object.h">
      <Filter>GameEngine\Object</Filter>
    </ClInclude>
    <ClInclude Include="GameEngine\Object\Component\AnimationComponent.h">
      <Filter>GameEngine\Object\Component</Filter>
    </ClInclude>
    <ClInclude Include="GameEngine\Object\Component\ComponentContainer.h">
      <Filter>GameEngine\Object\Component</Filter>
    </ClInclude>
    <ClInclude Include="GameEngine\Object\Component\ComponentRegistry.h">
      <Filter>GameEngine\Object\Component</Filter>
    </ClInclude>
    <ClInclude Include="GameEngine\Object\Component\IObjectComponent.h">
      <Filter>GameEngine\Object\Component</Filter>
    </ClInclude>
    <ClInclude Include="GameEngine\Object\Component\MaterialComponent.h">
      <Filter>GameEngine\Object\Component</Filter>
    </ClInclude>
    <ClInclude Include="GameEngine\Object\Component\ModelAssetComponent.h">
      <Filter>GameEngine\Object\Component</Filter>
    </ClInclude>
    <ClInclude Include="GameEngine\Object\Component\ObjectNameComponent.h">
      <Filter>GameEngine\Object\Component</Filter>
    </ClInclude>
    <ClInclude Include="GameEngine\Object\Component\ParticleEmitterComponent.h">
      <Filter>GameEngine\Object\Component</Filter>
    </ClInclude>
    <ClInclude Include="GameEngine\Object\Component\RenderComponent.h">
      <Filter>GameEngine\Object\Component</Filter>
    </ClInclude>
    <ClInclude Include="GameEngine\Object\Component\TransformComponent.h">
      <Filter>GameEngine\Object\Component</Filter>
    </ClInclude>
    <ClInclude Include="GameEngine\Object\Model\AnimationAsset.h">
      <Filter>GameEngine\Object\Model</Filter>
    </ClInclude>
    <ClInclude Include="GameEngine\Object\Model\Model.h">
      <Filter>GameEngine\Object\Model</Filter>
    </ClInclude>
    <ClInclude Include="GameEngine\Object\Model\ModelAsset.h">
      <Filter>GameEngine\Object\Model</Filter>
    </ClInclude>
    <ClInclude Include="GameEngine\Object\Model\Skeleton.h">
      <Filter>GameEngine\Object\Model</Filter>
    </ClInclude>
    <ClInclude Include="GameEngine\Object\Skybox\Skybox.h">
      <Filter>GameEngine\Object\Skybox</Filter>
    </ClInclude>
    <ClInclude Include="GameEngine\Object\Sprite\Sprite.h">
      <Filter>GameEngine\Object\Sprite</Filter>
    </ClInclude>
    <ClInclude Include="GameEngine\Scene\BaseScene.h">
      <Filter>GameEngine\Scene</Filter>
    </ClInclude>
    <ClInclude Include="GameEngine\Scene\IScene.h">
      <Filter>GameEngine\Scene</Filter>
    </ClInclude>
    <ClInclude Include="GameEngine\Scene\ISceneFactory.h">
      <Filter>GameEngine\Scene</Filter>
    </ClInclude>
    <ClInclude Include="GameEngine\Scene\SceneManager.h">
      <Filter>GameEngine\Scene</Filter>
    </ClInclude>
    <ClInclude Include="GameEngine\Scene\Camera\Camera.h">
      <Filter>GameEngine\Scene\Camera</Filter>
    </ClInclude>
    <ClInclude Include="GameEngine\Scene\Camera\CameraManager.h">
      <Filter>GameEngine\Scene\Camera</Filter>
    </ClInclude>
    <ClInclude Include="GameEngine\Scene\Camera\DebugCamera.h">
      <Filter>GameEngine\Scene\Camera</Filter>
    </ClInclude>
    <ClInclude Include="GameEngine\Scene\Camera\Components\FollowBody.h">
      <Filter>GameEngine\Scene\Camera\Components</Filter>
    </ClInclude>
    <ClInclude Include="GameEngine\Scene\Camera\Components\LookAtAim.h">
      <Filter>GameEngine\Scene\Camera\Components</Filter>
    </ClInclude>
    <ClInclude Include="GameEngine\Scene\Camera\Components\OrbitalBody.h">
      <Filter>GameEngine\Scene\Camera\Components</Filter>
    </ClInclude>
    <ClInclude Include="GameEngine\Scene\Camera\Components\PerlinNoise.h">
      <Filter>GameEngine\Scene\Camera\Components</Filter>
    </ClInclude>
    <ClInclude Include="GameEngine\Scene\Camera\Core\CameraState.h">
      <Filter>GameEngine\Scene\Camera\Core</Filter>
    </ClInclude>
    <ClInclude Include="GameEngine\Scene\Camera\Core\CinemachineBrain.h">
      <Filter>GameEngine\Scene\Camera\Core</Filter>
    </ClInclude>
    <ClInclude Include="GameEngine\Scene\Camera\Core\ICinemachineComponent.h">
      <Filter>GameEngine\Scene\Camera\Core</Filter>
    </ClInclude>
    <ClInclude Include="GameEngine\Scene\Camera\Core\VirtualCamera.h">
      <Filter>GameEngine\Scene\Camera\Core</Filter>
    </ClInclude>
    <ClInclude Include="GameEngine\Editor\Camera\CameraEditor.h">
      <Filter>GameEngine\Editor\Camera</Filter>
    </ClInclude>
    <ClInclude Include="GameEngine\Editor\Camera\CameraGizmo.h">
      <Filter>GameEngine\Editor\Camera</Filter>
    </ClInclude>
    <ClInclude Include="GameEngine\Scene\Light\AreaLight.h">
      <Filter>GameEngine\Scene\Light</Filter>
    </ClInclude>
    <ClInclude Include="GameEngine\Scene\Light\DirectionalLight.h">
      <Filter>GameEngine\Scene\Light</Filter>
    </ClInclude>
    <ClInclude Include="GameEngine\Scene\Light\PointLight.h">
      <Filter>GameEngine\Scene\Light</Filter>
    </ClInclude>
    <ClInclude Include="GameEngine\Scene\Light\SpotLight.h">
      <Filter>GameEngine\Scene\Light</Filter>
    </ClInclude>
    <ClInclude Include="GameEngine\Utility\ImGuiHelper.h">
      <Filter>GameEngine\Utility</Filter>
    </ClInclude>
    <ClInclude Include="GameEngine\Utility\JsonDataManager.h">
      <Filter>GameEngine\Utility</Filter>
    </ClInclude>
    <ClInclude Include="GameEngine\Utility\Logger.h">
      <Filter>GameEngine\Utility</Filter>
    </ClInclude>
    <ClInclude Include="GameEngine\Utility\MathUtils.h">
      <Filter>GameEngine\Utility</Filter>
    </ClInclude>
    <ClInclude Include="GameEngine\Utility\StateMachine.h">
      <Filter>GameEngine\Utility</Filter>
    </ClInclude>
    <ClInclude Include="GameEngine\Utility\TimerSystem.h">
      <Filter>GameEngine\Utility</Filter>
    </ClInclude>
    <ClInclude Include="GameEngine\Utility\VectorMath.h">
      <Filter>GameEngine\Utility</Filter>
    </ClInclude>
    <ClInclude Include="GameEngine\Utility\Math\Matrix3x3.h">
      <Filter>GameEngine\Utility\Math</Filter>
    </ClInclude>
    <ClInclude Include="GameEngine\Utility\Math\Matrix4x4.h">
      <Filter>GameEngine\Utility\Math</Filter>
    </ClInclude>
    <ClInclude Include="GameEngine\Utility\Math\Quaternion.h">
      <Filter>GameEngine\Utility\Math</Filter>
    </ClInclude>
    <ClInclude Include="GameEngine\Utility\Math\Transform.h">
      <Filter>GameEngine\Utility\Math</Filter>
    </ClInclude>
    <ClInclude Include="GameEngine\Utility\Math\Vector2.h">
      <Filter>GameEngine\Utility\Math</Filter>
    </ClInclude>
    <ClInclude Include="GameEngine\Utility\Math\Vector3.h">
      <Filter>GameEngine\Utility\Math</Filter>
    </ClInclude>
    <ClInclude Include="GameEngine\Utility\Math\Vector4.h">
      <Filter>GameEngine\Utility\Math</Filter>
    </ClInclude>
    <ClInclude Include="GameEngine\Utility\MathUtils\ColorUtils.h">
      <Filter>GameEngine\Utility\MathUtils</Filter>
    </ClInclude>
    <ClInclude Include="GameEngine\Utility\MathUtils\EasingFunctions.h">
      <Filter>GameEngine\Utility\MathUtils</Filter>
    </ClInclude>
    <ClInclude Include="GameEngine\Utility\MathUtils\MatrixOperations.h">
      <Filter>GameEngine\Utility\MathUtils</Filter>
    </ClInclude>
    <ClInclude Include="GameEngine\Utility\MathUtils\QuaternionOperations.h">
      <Filter>GameEngine\Utility\MathUtils</Filter>
    </ClInclude>
    <ClInclude Include="GameEngine\Utility\MathUtils\RandomUtils.h">
      <Filter>GameEngine\Utility\MathUtils</Filter>
    </ClInclude>
    <ClInclude Include="GameEngine\Utility\MathUtils\SplineUtils.h">
      <Filter>GameEngine\Utility\MathUtils</Filter>
    </ClInclude>
    <ClInclude Include="GameEngine\Utility\MathUtils\VectorOperations.h">
      <Filter>GameEngine\Utility\MathUtils</Filter>
    </ClInclude>
    <ClInclude Include="GameProject\Game.h">
      <Filter>GameProject</Filter>
    </ClInclude>
    <ClInclude Include="GameProject\App\Component\Camera\CameraGravityBridge.h">
      <Filter>GameProject\App\Component\Camera</Filter>
    </ClInclude>
    <ClInclude Include="GameProject\App\Component\Camera\GravityFollowCamera.h">
      <Filter>GameProject\App\Component\Camera</Filter>
    </ClInclude>
    <ClInclude Include="GameProject\App\Component\Camera\PlanetLeashCamera.h">
      <Filter>GameProject\App\Component\Camera</Filter>
    </ClInclude>
    <ClInclude Include="GameProject\App\Component\Camera\PlayerRearFollowCamera.h">
      <Filter>GameProject\App\Component\Camera</Filter>
    </ClInclude>
    <ClInclude Include="GameProject\App\Component\Camera\ScreenSpaceBasis.h">
      <Filter>GameProject\App\Component\Camera</Filter>
    </ClInclude>
    <ClInclude Include="GameProject\App\Component\Character\CharacterController.h">
      <Filter>GameProject\App\Component\Character</Filter>
    </ClInclude>
    <ClInclude Include="GameProject\App\Component\Character\CharacterJump.h">
      <Filter>GameProject\App\Component\Character</Filter>
    </ClInclude>
    <ClInclude Include="GameProject\App\Component\Character\CharacterLanding.h">
      <Filter>GameProject\App\Component\Character</Filter>
    </ClInclude>
    <ClInclude Include="GameProject\App\Component\Character\CharacterWalker.h">
      <Filter>GameProject\App\Component\Character</Filter>
    </ClInclude>
    <ClInclude Include="GameProject\App\Component\Gravity\GravityAttractor.h">
      <Filter>GameProject\App\Component\Gravity</Filter>
    </ClInclude>
    <ClInclude Include="GameProject\App\Component\Gravity\GravityAttractorLink.h">
      <Filter>GameProject\App\Component\Gravity</Filter>
    </ClInclude>
    <ClInclude Include="GameProject\App\Component\Gravity\GravityBody.h">
      <Filter>GameProject\App\Component\Gravity</Filter>
    </ClInclude>
    <ClInclude Include="GameProject\App\Component\Gravity\MeshNormalGravityAttractor.h">
      <Filter>GameProject\App\Component\Gravity</Filter>
    </ClInclude>
    <ClInclude Include="GameProject\App\Component\Gravity\PlanetSwitcher.h">
      <Filter>GameProject\App\Component\Gravity</Filter>
    </ClInclude>
    <ClInclude Include="GameProject\App\Component\Gravity\SphericalGravityAttractor.h">
      <Filter>GameProject\App\Component\Gravity</Filter>
    </ClInclude>
    <ClInclude Include="GameProject\App\Component\Vehicle\VehicleAirController.h">
      <Filter>GameProject\App\Component\Vehicle</Filter>
    </ClInclude>
    <ClInclude Include="GameProject\App\Component\Vehicle\VehicleController.h">
      <Filter>GameProject\App\Component\Vehicle</Filter>
    </ClInclude>
    <ClInclude Include="GameProject\App\Component\Vehicle\VehicleDrift.h">
      <Filter>GameProject\App\Component\Vehicle</Filter>
    </ClInclude>
    <ClInclude Include="GameProject\App\Component\Vehicle\VehicleGroundMover.h">
      <Filter>GameProject\App\Component\Vehicle</Filter>
    </ClInclude>
    <ClInclude Include="GameProject\App\Component\Vehicle\VehicleLandingAligner.h">
      <Filter>GameProject\App\Component\Vehicle</Filter>
    </ClInclude>
    <ClInclude Include="GameProject\App\Component\Vehicle\VehicleLandingBoost.h">
      <Filter>GameProject\App\Component\Vehicle</Filter>
    </ClInclude>
    <ClInclude Include="GameProject\App\Component\Vehicle\VehicleMover.h">
      <Filter>GameProject\App\Component\Vehicle</Filter>
    </ClInclude>
    <ClInclude Include="GameProject\App\Component\Vehicle\VehicleSpeedPostEffectController.h">
      <Filter>GameProject\App\Component\Vehicle</Filter>
    </ClInclude>
    <ClInclude Include="GameProject\App\Scene\EngineTestScene.h">
      <Filter>GameProject\App\Scene</Filter>
    </ClInclude>
    <ClInclude Include="GameProject\App\Scene\GameTestScene.h">
      <Filter>GameProject\App\Scene</Filter>
    </ClInclude>
    <ClInclude Include="GameProject\App\Scene\MySceneFactory.h">
      <Filter>GameProject\App\Scene</Filter>
    </ClInclude>
  </ItemGroup>
  <ItemGroup>
    <Text Include="Externals\imgui\LICENSE.txt" />
  </ItemGroup>
</Project>